// !$*UTF8*$!
{
	archiveVersion = 1;
	classes = {
	};
	objectVersion = 56;
	objects = {

/* Begin PBXBuildFile section */
		237F954D2B0345AD00EF3CEB /* AppDelegate.m in Sources */ = {isa = PBXBuildFile; fileRef = 237F954C2B0345AD00EF3CEB /* AppDelegate.m */; };
		237F95502B0345AD00EF3CEB /* SceneDelegate.m in Sources */ = {isa = PBXBuildFile; fileRef = 237F954F2B0345AD00EF3CEB /* SceneDelegate.m */; };
		237F95532B0345AD00EF3CEB /* ViewController.m in Sources */ = {isa = PBXBuildFile; fileRef = 237F95522B0345AD00EF3CEB /* ViewController.m */; };
		237F95562B0345AD00EF3CEB /* Main.storyboard in Resources */ = {isa = PBXBuildFile; fileRef = 237F95542B0345AD00EF3CEB /* Main.storyboard */; };
		237F95582B0345AF00EF3CEB /* Assets.xcassets in Resources */ = {isa = PBXBuildFile; fileRef = 237F95572B0345AF00EF3CEB /* Assets.xcassets */; };
		237F955B2B0345AF00EF3CEB /* LaunchScreen.storyboard in Resources */ = {isa = PBXBuildFile; fileRef = 237F95592B0345AF00EF3CEB /* LaunchScreen.storyboard */; };
		237F955E2B0345AF00EF3CEB /* main.m in Sources */ = {isa = PBXBuildFile; fileRef = 237F955D2B0345AF00EF3CEB /* main.m */; };
		237F95682B0345AF00EF3CEB /* IOSDesignPatternTests.m in Sources */ = {isa = PBXBuildFile; fileRef = 237F95672B0345AF00EF3CEB /* IOSDesignPatternTests.m */; };
		237F95722B0345AF00EF3CEB /* IOSDesignPatternUITests.m in Sources */ = {isa = PBXBuildFile; fileRef = 237F95712B0345AF00EF3CEB /* IOSDesignPatternUITests.m */; };
		237F95742B0345AF00EF3CEB /* IOSDesignPatternUITestsLaunchTests.m in Sources */ = {isa = PBXBuildFile; fileRef = 237F95732B0345AF00EF3CEB /* IOSDesignPatternUITestsLaunchTests.m */; };
		237F958A2B0351C700EF3CEB /* ZYCVlcPlayer.m in Sources */ = {isa = PBXBuildFile; fileRef = 237F95892B0351C700EF3CEB /* ZYCVlcPlayer.m */; };
		237F958D2B0351D900EF3CEB /* ZYCMp4Player.m in Sources */ = {isa = PBXBuildFile; fileRef = 237F958C2B0351D900EF3CEB /* ZYCMp4Player.m */; };
		237F95902B03529C00EF3CEB /* ZYCMediaAdapter.m in Sources */ = {isa = PBXBuildFile; fileRef = 237F958F2B03529C00EF3CEB /* ZYCMediaAdapter.m */; };
		237F95942B0355EA00EF3CEB /* ZYCVlcPlayerAdapter.m in Sources */ = {isa = PBXBuildFile; fileRef = 237F95932B0355EA00EF3CEB /* ZYCVlcPlayerAdapter.m */; };
		237F95972B0355FB00EF3CEB /* ZYCMp4PlayerAdapter.m in Sources */ = {isa = PBXBuildFile; fileRef = 237F95962B0355FB00EF3CEB /* ZYCMp4PlayerAdapter.m */; };
		237F95A12B03656800EF3CEB /* ZYCModel1.m in Sources */ = {isa = PBXBuildFile; fileRef = 237F95A02B03656800EF3CEB /* ZYCModel1.m */; };
		237F95A42B03657300EF3CEB /* ZYCModel2.m in Sources */ = {isa = PBXBuildFile; fileRef = 237F95A32B03657300EF3CEB /* ZYCModel2.m */; };
		237F95A72B03668D00EF3CEB /* ZYCView.m in Sources */ = {isa = PBXBuildFile; fileRef = 237F95A62B03668D00EF3CEB /* ZYCView.m */; };
		239A3B912B15E74600101A7F /* IMG_2757.PNG in Resources */ = {isa = PBXBuildFile; fileRef = 239A3B7A2B15E74300101A7F /* IMG_2757.PNG */; };
		239A3B922B15E74600101A7F /* IMG_2753.PNG in Resources */ = {isa = PBXBuildFile; fileRef = 239A3B7B2B15E74300101A7F /* IMG_2753.PNG */; };
		239A3B932B15E74600101A7F /* IMG_2774.PNG in Resources */ = {isa = PBXBuildFile; fileRef = 239A3B7C2B15E74400101A7F /* IMG_2774.PNG */; };
		239A3B942B15E74600101A7F /* IMG_2767.PNG in Resources */ = {isa = PBXBuildFile; fileRef = 239A3B7D2B15E74400101A7F /* IMG_2767.PNG */; };
		239A3B952B15E74600101A7F /* IMG_2760.PNG in Resources */ = {isa = PBXBuildFile; fileRef = 239A3B7E2B15E74400101A7F /* IMG_2760.PNG */; };
		239A3B962B15E74600101A7F /* IMG_2768.PNG in Resources */ = {isa = PBXBuildFile; fileRef = 239A3B7F2B15E74400101A7F /* IMG_2768.PNG */; };
		239A3B972B15E74600101A7F /* IMG_2762.PNG in Resources */ = {isa = PBXBuildFile; fileRef = 239A3B802B15E74400101A7F /* IMG_2762.PNG */; };
		239A3B982B15E74600101A7F /* IMG_2769.PNG in Resources */ = {isa = PBXBuildFile; fileRef = 239A3B812B15E74400101A7F /* IMG_2769.PNG */; };
		239A3B992B15E74600101A7F /* IMG_2755.PNG in Resources */ = {isa = PBXBuildFile; fileRef = 239A3B822B15E74400101A7F /* IMG_2755.PNG */; };
		239A3B9A2B15E74600101A7F /* IMG_2765.PNG in Resources */ = {isa = PBXBuildFile; fileRef = 239A3B832B15E74400101A7F /* IMG_2765.PNG */; };
		239A3B9B2B15E74600101A7F /* IMG_2752.PNG in Resources */ = {isa = PBXBuildFile; fileRef = 239A3B842B15E74500101A7F /* IMG_2752.PNG */; };
		239A3B9C2B15E74600101A7F /* IMG_2764.PNG in Resources */ = {isa = PBXBuildFile; fileRef = 239A3B852B15E74500101A7F /* IMG_2764.PNG */; };
		239A3B9D2B15E74600101A7F /* IMG_2759.PNG in Resources */ = {isa = PBXBuildFile; fileRef = 239A3B862B15E74500101A7F /* IMG_2759.PNG */; };
		239A3B9E2B15E74600101A7F /* IMG_2754.PNG in Resources */ = {isa = PBXBuildFile; fileRef = 239A3B872B15E74500101A7F /* IMG_2754.PNG */; };
		239A3B9F2B15E74600101A7F /* IMG_2751.PNG in Resources */ = {isa = PBXBuildFile; fileRef = 239A3B882B15E74500101A7F /* IMG_2751.PNG */; };
		239A3BA02B15E74600101A7F /* IMG_2770.PNG in Resources */ = {isa = PBXBuildFile; fileRef = 239A3B892B15E74500101A7F /* IMG_2770.PNG */; };
		239A3BA12B15E74600101A7F /* IMG_2761.PNG in Resources */ = {isa = PBXBuildFile; fileRef = 239A3B8A2B15E74500101A7F /* IMG_2761.PNG */; };
		239A3BA22B15E74600101A7F /* IMG_2771.PNG in Resources */ = {isa = PBXBuildFile; fileRef = 239A3B8B2B15E74500101A7F /* IMG_2771.PNG */; };
		239A3BA32B15E74600101A7F /* IMG_2772.PNG in Resources */ = {isa = PBXBuildFile; fileRef = 239A3B8C2B15E74500101A7F /* IMG_2772.PNG */; };
		239A3BA42B15E74600101A7F /* IMG_2773.PNG in Resources */ = {isa = PBXBuildFile; fileRef = 239A3B8D2B15E74500101A7F /* IMG_2773.PNG */; };
		239A3BA52B15E74600101A7F /* IMG_2775.PNG in Resources */ = {isa = PBXBuildFile; fileRef = 239A3B8E2B15E74600101A7F /* IMG_2775.PNG */; };
		239A3BA62B15E74600101A7F /* IMG_2776.PNG in Resources */ = {isa = PBXBuildFile; fileRef = 239A3B8F2B15E74600101A7F /* IMG_2776.PNG */; };
		239A3BA72B15E74600101A7F /* IMG_2763.PNG in Resources */ = {isa = PBXBuildFile; fileRef = 239A3B902B15E74600101A7F /* IMG_2763.PNG */; };
		239A3BAB2B15E89D00101A7F /* BaseCopyObject.m in Sources */ = {isa = PBXBuildFile; fileRef = 239A3BAA2B15E89D00101A7F /* BaseCopyObject.m */; };
		239A3BAE2B15E98400101A7F /* StudentModel.m in Sources */ = {isa = PBXBuildFile; fileRef = 239A3BAD2B15E98400101A7F /* StudentModel.m */; };
		239A3BB32B16E80600101A7F /* Computer.m in Sources */ = {isa = PBXBuildFile; fileRef = 239A3BB22B16E80600101A7F /* Computer.m */; };
		239A3BB62B16E81200101A7F /* QQ.m in Sources */ = {isa = PBXBuildFile; fileRef = 239A3BB52B16E81200101A7F /* QQ.m */; };
		239A3BB92B16E81C00101A7F /* Wechat.m in Sources */ = {isa = PBXBuildFile; fileRef = 239A3BB82B16E81C00101A7F /* Wechat.m */; };
		239A3BBC2B16E82500101A7F /* Xcode.m in Sources */ = {isa = PBXBuildFile; fileRef = 239A3BBB2B16E82500101A7F /* Xcode.m */; };
		239A3BCB2B17092E00101A7F /* IMG_2782.PNG in Resources */ = {isa = PBXBuildFile; fileRef = 239A3BBF2B17092D00101A7F /* IMG_2782.PNG */; };
		239A3BCC2B17092E00101A7F /* IMG_2778.PNG in Resources */ = {isa = PBXBuildFile; fileRef = 239A3BC02B17092D00101A7F /* IMG_2778.PNG */; };
		239A3BCD2B17092E00101A7F /* IMG_2780.PNG in Resources */ = {isa = PBXBuildFile; fileRef = 239A3BC12B17092D00101A7F /* IMG_2780.PNG */; };
		239A3BCE2B17092E00101A7F /* IMG_2785.PNG in Resources */ = {isa = PBXBuildFile; fileRef = 239A3BC22B17092D00101A7F /* IMG_2785.PNG */; };
		239A3BCF2B17092E00101A7F /* IMG_2783.PNG in Resources */ = {isa = PBXBuildFile; fileRef = 239A3BC32B17092D00101A7F /* IMG_2783.PNG */; };
		239A3BD02B17092E00101A7F /* IMG_2788.PNG in Resources */ = {isa = PBXBuildFile; fileRef = 239A3BC42B17092D00101A7F /* IMG_2788.PNG */; };
		239A3BD12B17092E00101A7F /* IMG_2777.PNG in Resources */ = {isa = PBXBuildFile; fileRef = 239A3BC52B17092D00101A7F /* IMG_2777.PNG */; };
		239A3BD22B17092E00101A7F /* IMG_2779.PNG in Resources */ = {isa = PBXBuildFile; fileRef = 239A3BC62B17092D00101A7F /* IMG_2779.PNG */; };
		239A3BD32B17092E00101A7F /* IMG_2781.PNG in Resources */ = {isa = PBXBuildFile; fileRef = 239A3BC72B17092D00101A7F /* IMG_2781.PNG */; };
		239A3BD42B17092E00101A7F /* IMG_2786.PNG in Resources */ = {isa = PBXBuildFile; fileRef = 239A3BC82B17092D00101A7F /* IMG_2786.PNG */; };
		239A3BD52B17092E00101A7F /* IMG_2784.PNG in Resources */ = {isa = PBXBuildFile; fileRef = 239A3BC92B17092D00101A7F /* IMG_2784.PNG */; };
		239A3BD62B17092E00101A7F /* IMG_2787.PNG in Resources */ = {isa = PBXBuildFile; fileRef = 239A3BCA2B17092E00101A7F /* IMG_2787.PNG */; };
		239A3BE32B181CB100101A7F /* Soy.m in Sources */ = {isa = PBXBuildFile; fileRef = 239A3BDB2B181CB100101A7F /* Soy.m */; };
		239A3BE42B181CB100101A7F /* Mocha.m in Sources */ = {isa = PBXBuildFile; fileRef = 239A3BDE2B181CB100101A7F /* Mocha.m */; };
		239A3BE52B181CB100101A7F /* Whip.m in Sources */ = {isa = PBXBuildFile; fileRef = 239A3BDF2B181CB100101A7F /* Whip.m */; };
		239A3BE62B181CB100101A7F /* Milk.m in Sources */ = {isa = PBXBuildFile; fileRef = 239A3BE12B181CB100101A7F /* Milk.m */; };
		239A3BF02B181CF300101A7F /* Espresso.m in Sources */ = {isa = PBXBuildFile; fileRef = 239A3BE82B181CF200101A7F /* Espresso.m */; };
		239A3BF12B181CF300101A7F /* HouseBlend.m in Sources */ = {isa = PBXBuildFile; fileRef = 239A3BEA2B181CF200101A7F /* HouseBlend.m */; };
		239A3BF22B181CF300101A7F /* DarkRoast.m in Sources */ = {isa = PBXBuildFile; fileRef = 239A3BEB2B181CF300101A7F /* DarkRoast.m */; };
		239A3BF32B181CF300101A7F /* Decaf.m in Sources */ = {isa = PBXBuildFile; fileRef = 239A3BED2B181CF300101A7F /* Decaf.m */; };
		23CB242D2B1494DB0036F5CF /* Strategy.m in Sources */ = {isa = PBXBuildFile; fileRef = 23CB242C2B1494DB0036F5CF /* Strategy.m */; };
		23CB24302B14962A0036F5CF /* ConcreteStrategyA.m in Sources */ = {isa = PBXBuildFile; fileRef = 23CB242F2B14962A0036F5CF /* ConcreteStrategyA.m */; };
		23CB24332B1496350036F5CF /* ConcreteStrategyB.m in Sources */ = {isa = PBXBuildFile; fileRef = 23CB24322B1496350036F5CF /* ConcreteStrategyB.m */; };
		23CB24362B14971E0036F5CF /* StrategyCustomView.m in Sources */ = {isa = PBXBuildFile; fileRef = 23CB24352B14971E0036F5CF /* StrategyCustomView.m */; };
		23CB24492B149CB60036F5CF /* IMG_2733.PNG in Resources */ = {isa = PBXBuildFile; fileRef = 23CB24382B149CB40036F5CF /* IMG_2733.PNG */; };
		23CB244A2B149CB60036F5CF /* IMG_2735.PNG in Resources */ = {isa = PBXBuildFile; fileRef = 23CB24392B149CB40036F5CF /* IMG_2735.PNG */; };
		23CB244B2B149CB60036F5CF /* IMG_2736.PNG in Resources */ = {isa = PBXBuildFile; fileRef = 23CB243A2B149CB40036F5CF /* IMG_2736.PNG */; };
		23CB244C2B149CB60036F5CF /* IMG_2732.PNG in Resources */ = {isa = PBXBuildFile; fileRef = 23CB243B2B149CB40036F5CF /* IMG_2732.PNG */; };
		23CB244D2B149CB60036F5CF /* IMG_2745.PNG in Resources */ = {isa = PBXBuildFile; fileRef = 23CB243C2B149CB40036F5CF /* IMG_2745.PNG */; };
		23CB244E2B149CB60036F5CF /* IMG_2747.PNG in Resources */ = {isa = PBXBuildFile; fileRef = 23CB243D2B149CB40036F5CF /* IMG_2747.PNG */; };
		23CB244F2B149CB60036F5CF /* IMG_2734.PNG in Resources */ = {isa = PBXBuildFile; fileRef = 23CB243E2B149CB50036F5CF /* IMG_2734.PNG */; };
		23CB24502B149CB60036F5CF /* IMG_2742.PNG in Resources */ = {isa = PBXBuildFile; fileRef = 23CB243F2B149CB50036F5CF /* IMG_2742.PNG */; };
		23CB24512B149CB60036F5CF /* IMG_2731.PNG in Resources */ = {isa = PBXBuildFile; fileRef = 23CB24402B149CB50036F5CF /* IMG_2731.PNG */; };
		23CB24522B149CB60036F5CF /* IMG_2740.PNG in Resources */ = {isa = PBXBuildFile; fileRef = 23CB24412B149CB50036F5CF /* IMG_2740.PNG */; };
		23CB24532B149CB60036F5CF /* IMG_2743.PNG in Resources */ = {isa = PBXBuildFile; fileRef = 23CB24422B149CB50036F5CF /* IMG_2743.PNG */; };
		23CB24542B149CB60036F5CF /* IMG_2748.PNG in Resources */ = {isa = PBXBuildFile; fileRef = 23CB24432B149CB50036F5CF /* IMG_2748.PNG */; };
		23CB24552B149CB60036F5CF /* IMG_2741.PNG in Resources */ = {isa = PBXBuildFile; fileRef = 23CB24442B149CB50036F5CF /* IMG_2741.PNG */; };
		23CB24562B149CB60036F5CF /* IMG_2739.PNG in Resources */ = {isa = PBXBuildFile; fileRef = 23CB24452B149CB50036F5CF /* IMG_2739.PNG */; };
		23CB24572B149CB60036F5CF /* IMG_2749.PNG in Resources */ = {isa = PBXBuildFile; fileRef = 23CB24462B149CB50036F5CF /* IMG_2749.PNG */; };
		23CB24582B149CB60036F5CF /* IMG_2738.PNG in Resources */ = {isa = PBXBuildFile; fileRef = 23CB24472B149CB60036F5CF /* IMG_2738.PNG */; };
		23CB24592B149CB60036F5CF /* IMG_2746.PNG in Resources */ = {isa = PBXBuildFile; fileRef = 23CB24482B149CB60036F5CF /* IMG_2746.PNG */; };
		23F400392B21BAB1006F1244 /* IMG_2795.PNG in Resources */ = {isa = PBXBuildFile; fileRef = 23F4000C2B21BAAD006F1244 /* IMG_2795.PNG */; };
		23F4003A2B21BAB1006F1244 /* IMG_2813.PNG in Resources */ = {isa = PBXBuildFile; fileRef = 23F4000D2B21BAAD006F1244 /* IMG_2813.PNG */; };
		23F4003B2B21BAB1006F1244 /* IMG_2797.PNG in Resources */ = {isa = PBXBuildFile; fileRef = 23F4000E2B21BAAD006F1244 /* IMG_2797.PNG */; };
		23F4003C2B21BAB1006F1244 /* IMG_2816.PNG in Resources */ = {isa = PBXBuildFile; fileRef = 23F4000F2B21BAAD006F1244 /* IMG_2816.PNG */; };
		23F4003D2B21BAB1006F1244 /* IMG_2819.PNG in Resources */ = {isa = PBXBuildFile; fileRef = 23F400102B21BAAD006F1244 /* IMG_2819.PNG */; };
		23F4003E2B21BAB1006F1244 /* IMG_2820.PNG in Resources */ = {isa = PBXBuildFile; fileRef = 23F400112B21BAAD006F1244 /* IMG_2820.PNG */; };
		23F4003F2B21BAB1006F1244 /* IMG_2821.PNG in Resources */ = {isa = PBXBuildFile; fileRef = 23F400122B21BAAE006F1244 /* IMG_2821.PNG */; };
		23F400402B21BAB1006F1244 /* IMG_2798.PNG in Resources */ = {isa = PBXBuildFile; fileRef = 23F400132B21BAAE006F1244 /* IMG_2798.PNG */; };
		23F400412B21BAB1006F1244 /* IMG_2818.PNG in Resources */ = {isa = PBXBuildFile; fileRef = 23F400142B21BAAE006F1244 /* IMG_2818.PNG */; };
		23F400422B21BAB1006F1244 /* IMG_2824.PNG in Resources */ = {isa = PBXBuildFile; fileRef = 23F400152B21BAAE006F1244 /* IMG_2824.PNG */; };
		23F400432B21BAB1006F1244 /* IMG_2793.PNG in Resources */ = {isa = PBXBuildFile; fileRef = 23F400162B21BAAE006F1244 /* IMG_2793.PNG */; };
		23F400442B21BAB1006F1244 /* IMG_2823.PNG in Resources */ = {isa = PBXBuildFile; fileRef = 23F400172B21BAAE006F1244 /* IMG_2823.PNG */; };
		23F400452B21BAB1006F1244 /* IMG_2806.PNG in Resources */ = {isa = PBXBuildFile; fileRef = 23F400182B21BAAE006F1244 /* IMG_2806.PNG */; };
		23F400472B21BAB1006F1244 /* IMG_2791.PNG in Resources */ = {isa = PBXBuildFile; fileRef = 23F4001A2B21BAAE006F1244 /* IMG_2791.PNG */; };
		23F400482B21BAB1006F1244 /* IMG_2814.PNG in Resources */ = {isa = PBXBuildFile; fileRef = 23F4001B2B21BAAE006F1244 /* IMG_2814.PNG */; };
		23F4004C2B21BAB1006F1244 /* IMG_2794.PNG in Resources */ = {isa = PBXBuildFile; fileRef = 23F4001F2B21BAAF006F1244 /* IMG_2794.PNG */; };
		23F4004D2B21BAB1006F1244 /* IMG_2796.PNG in Resources */ = {isa = PBXBuildFile; fileRef = 23F400202B21BAAF006F1244 /* IMG_2796.PNG */; };
		23F400502B21BAB1006F1244 /* IMG_2809.PNG in Resources */ = {isa = PBXBuildFile; fileRef = 23F400232B21BAAF006F1244 /* IMG_2809.PNG */; };
		23F400522B21BAB1006F1244 /* IMG_2815.PNG in Resources */ = {isa = PBXBuildFile; fileRef = 23F400252B21BAAF006F1244 /* IMG_2815.PNG */; };
		23F400532B21BAB1006F1244 /* IMG_2803.PNG in Resources */ = {isa = PBXBuildFile; fileRef = 23F400262B21BAAF006F1244 /* IMG_2803.PNG */; };
		23F400562B21BAB1006F1244 /* IMG_2801.PNG in Resources */ = {isa = PBXBuildFile; fileRef = 23F400292B21BAAF006F1244 /* IMG_2801.PNG */; };
		23F400582B21BAB1006F1244 /* IMG_2799.PNG in Resources */ = {isa = PBXBuildFile; fileRef = 23F4002B2B21BAB0006F1244 /* IMG_2799.PNG */; };
		23F400592B21BAB1006F1244 /* IMG_2800.PNG in Resources */ = {isa = PBXBuildFile; fileRef = 23F4002C2B21BAB0006F1244 /* IMG_2800.PNG */; };
		23F4005A2B21BAB1006F1244 /* IMG_2807.PNG in Resources */ = {isa = PBXBuildFile; fileRef = 23F4002D2B21BAB0006F1244 /* IMG_2807.PNG */; };
		23F4005B2B21BAB1006F1244 /* IMG_2808.PNG in Resources */ = {isa = PBXBuildFile; fileRef = 23F4002E2B21BAB0006F1244 /* IMG_2808.PNG */; };
		23F4005C2B21BAB1006F1244 /* IMG_2810.PNG in Resources */ = {isa = PBXBuildFile; fileRef = 23F4002F2B21BAB0006F1244 /* IMG_2810.PNG */; };
		23F4005D2B21BAB1006F1244 /* IMG_2802.PNG in Resources */ = {isa = PBXBuildFile; fileRef = 23F400302B21BAB0006F1244 /* IMG_2802.PNG */; };
		23F4005E2B21BAB1006F1244 /* IMG_2822.PNG in Resources */ = {isa = PBXBuildFile; fileRef = 23F400312B21BAB0006F1244 /* IMG_2822.PNG */; };
		23F4005F2B21BAB1006F1244 /* IMG_2790.PNG in Resources */ = {isa = PBXBuildFile; fileRef = 23F400322B21BAB0006F1244 /* IMG_2790.PNG */; };
		23F400602B21BAB1006F1244 /* IMG_2825.PNG in Resources */ = {isa = PBXBuildFile; fileRef = 23F400332B21BAB0006F1244 /* IMG_2825.PNG */; };
		23F400612B21BAB1006F1244 /* IMG_2804.PNG in Resources */ = {isa = PBXBuildFile; fileRef = 23F400342B21BAB0006F1244 /* IMG_2804.PNG */; };
		23F400622B21BAB1006F1244 /* IMG_2805.PNG in Resources */ = {isa = PBXBuildFile; fileRef = 23F400352B21BAB0006F1244 /* IMG_2805.PNG */; };
		23F400652B21BAB1006F1244 /* IMG_2812.PNG in Resources */ = {isa = PBXBuildFile; fileRef = 23F400382B21BAB1006F1244 /* IMG_2812.PNG */; };
/* End PBXBuildFile section */

/* Begin PBXContainerItemProxy section */
		237F95642B0345AF00EF3CEB /* PBXContainerItemProxy */ = {
			isa = PBXContainerItemProxy;
			containerPortal = 237F95402B0345AC00EF3CEB /* Project object */;
			proxyType = 1;
			remoteGlobalIDString = 237F95472B0345AC00EF3CEB;
			remoteInfo = IOSDesignPattern;
		};
		237F956E2B0345AF00EF3CEB /* PBXContainerItemProxy */ = {
			isa = PBXContainerItemProxy;
			containerPortal = 237F95402B0345AC00EF3CEB /* Project object */;
			proxyType = 1;
			remoteGlobalIDString = 237F95472B0345AC00EF3CEB;
			remoteInfo = IOSDesignPattern;
		};
/* End PBXContainerItemProxy section */

/* Begin PBXFileReference section */
		237F95482B0345AC00EF3CEB /* IOSDesignPattern.app */ = {isa = PBXFileReference; explicitFileType = wrapper.application; includeInIndex = 0; path = IOSDesignPattern.app; sourceTree = BUILT_PRODUCTS_DIR; };
		237F954B2B0345AD00EF3CEB /* AppDelegate.h */ = {isa = PBXFileReference; lastKnownFileType = sourcecode.c.h; path = AppDelegate.h; sourceTree = "<group>"; };
		237F954C2B0345AD00EF3CEB /* AppDelegate.m */ = {isa = PBXFileReference; lastKnownFileType = sourcecode.c.objc; path = AppDelegate.m; sourceTree = "<group>"; };
		237F954E2B0345AD00EF3CEB /* SceneDelegate.h */ = {isa = PBXFileReference; lastKnownFileType = sourcecode.c.h; path = SceneDelegate.h; sourceTree = "<group>"; };
		237F954F2B0345AD00EF3CEB /* SceneDelegate.m */ = {isa = PBXFileReference; lastKnownFileType = sourcecode.c.objc; path = SceneDelegate.m; sourceTree = "<group>"; };
		237F95512B0345AD00EF3CEB /* ViewController.h */ = {isa = PBXFileReference; lastKnownFileType = sourcecode.c.h; path = ViewController.h; sourceTree = "<group>"; };
		237F95522B0345AD00EF3CEB /* ViewController.m */ = {isa = PBXFileReference; lastKnownFileType = sourcecode.c.objc; path = ViewController.m; sourceTree = "<group>"; };
		237F95552B0345AD00EF3CEB /* Base */ = {isa = PBXFileReference; lastKnownFileType = file.storyboard; name = Base; path = Base.lproj/Main.storyboard; sourceTree = "<group>"; };
		237F95572B0345AF00EF3CEB /* Assets.xcassets */ = {isa = PBXFileReference; lastKnownFileType = folder.assetcatalog; path = Assets.xcassets; sourceTree = "<group>"; };
		237F955A2B0345AF00EF3CEB /* Base */ = {isa = PBXFileReference; lastKnownFileType = file.storyboard; name = Base; path = Base.lproj/LaunchScreen.storyboard; sourceTree = "<group>"; };
		237F955C2B0345AF00EF3CEB /* Info.plist */ = {isa = PBXFileReference; lastKnownFileType = text.plist.xml; path = Info.plist; sourceTree = "<group>"; };
		237F955D2B0345AF00EF3CEB /* main.m */ = {isa = PBXFileReference; lastKnownFileType = sourcecode.c.objc; path = main.m; sourceTree = "<group>"; };
		237F95632B0345AF00EF3CEB /* IOSDesignPatternTests.xctest */ = {isa = PBXFileReference; explicitFileType = wrapper.cfbundle; includeInIndex = 0; path = IOSDesignPatternTests.xctest; sourceTree = BUILT_PRODUCTS_DIR; };
		237F95672B0345AF00EF3CEB /* IOSDesignPatternTests.m */ = {isa = PBXFileReference; lastKnownFileType = sourcecode.c.objc; path = IOSDesignPatternTests.m; sourceTree = "<group>"; };
		237F956D2B0345AF00EF3CEB /* IOSDesignPatternUITests.xctest */ = {isa = PBXFileReference; explicitFileType = wrapper.cfbundle; includeInIndex = 0; path = IOSDesignPatternUITests.xctest; sourceTree = BUILT_PRODUCTS_DIR; };
		237F95712B0345AF00EF3CEB /* IOSDesignPatternUITests.m */ = {isa = PBXFileReference; lastKnownFileType = sourcecode.c.objc; path = IOSDesignPatternUITests.m; sourceTree = "<group>"; };
		237F95732B0345AF00EF3CEB /* IOSDesignPatternUITestsLaunchTests.m */ = {isa = PBXFileReference; lastKnownFileType = sourcecode.c.objc; path = IOSDesignPatternUITestsLaunchTests.m; sourceTree = "<group>"; };
		237F95862B0350F200EF3CEB /* ZYCMediaPlayer.h */ = {isa = PBXFileReference; lastKnownFileType = sourcecode.c.h; path = ZYCMediaPlayer.h; sourceTree = "<group>"; };
		237F95872B03517200EF3CEB /* ZYCAdvancedMediaPlayer.h */ = {isa = PBXFileReference; lastKnownFileType = sourcecode.c.h; path = ZYCAdvancedMediaPlayer.h; sourceTree = "<group>"; };
		237F95882B0351C700EF3CEB /* ZYCVlcPlayer.h */ = {isa = PBXFileReference; lastKnownFileType = sourcecode.c.h; path = ZYCVlcPlayer.h; sourceTree = "<group>"; };
		237F95892B0351C700EF3CEB /* ZYCVlcPlayer.m */ = {isa = PBXFileReference; lastKnownFileType = sourcecode.c.objc; path = ZYCVlcPlayer.m; sourceTree = "<group>"; };
		237F958B2B0351D900EF3CEB /* ZYCMp4Player.h */ = {isa = PBXFileReference; lastKnownFileType = sourcecode.c.h; path = ZYCMp4Player.h; sourceTree = "<group>"; };
		237F958C2B0351D900EF3CEB /* ZYCMp4Player.m */ = {isa = PBXFileReference; lastKnownFileType = sourcecode.c.objc; path = ZYCMp4Player.m; sourceTree = "<group>"; };
		237F958E2B03529C00EF3CEB /* ZYCMediaAdapter.h */ = {isa = PBXFileReference; lastKnownFileType = sourcecode.c.h; path = ZYCMediaAdapter.h; sourceTree = "<group>"; };
		237F958F2B03529C00EF3CEB /* ZYCMediaAdapter.m */ = {isa = PBXFileReference; lastKnownFileType = sourcecode.c.objc; path = ZYCMediaAdapter.m; sourceTree = "<group>"; };
		237F95922B0355EA00EF3CEB /* ZYCVlcPlayerAdapter.h */ = {isa = PBXFileReference; lastKnownFileType = sourcecode.c.h; path = ZYCVlcPlayerAdapter.h; sourceTree = "<group>"; };
		237F95932B0355EA00EF3CEB /* ZYCVlcPlayerAdapter.m */ = {isa = PBXFileReference; lastKnownFileType = sourcecode.c.objc; path = ZYCVlcPlayerAdapter.m; sourceTree = "<group>"; };
		237F95952B0355FB00EF3CEB /* ZYCMp4PlayerAdapter.h */ = {isa = PBXFileReference; lastKnownFileType = sourcecode.c.h; path = ZYCMp4PlayerAdapter.h; sourceTree = "<group>"; };
		237F95962B0355FB00EF3CEB /* ZYCMp4PlayerAdapter.m */ = {isa = PBXFileReference; lastKnownFileType = sourcecode.c.objc; path = ZYCMp4PlayerAdapter.m; sourceTree = "<group>"; };
		237F959E2B03655100EF3CEB /* ModelProtocol.h */ = {isa = PBXFileReference; lastKnownFileType = sourcecode.c.h; path = ModelProtocol.h; sourceTree = "<group>"; };
		237F959F2B03656800EF3CEB /* ZYCModel1.h */ = {isa = PBXFileReference; lastKnownFileType = sourcecode.c.h; path = ZYCModel1.h; sourceTree = "<group>"; };
		237F95A02B03656800EF3CEB /* ZYCModel1.m */ = {isa = PBXFileReference; lastKnownFileType = sourcecode.c.objc; path = ZYCModel1.m; sourceTree = "<group>"; };
		237F95A22B03657300EF3CEB /* ZYCModel2.h */ = {isa = PBXFileReference; lastKnownFileType = sourcecode.c.h; path = ZYCModel2.h; sourceTree = "<group>"; };
		237F95A32B03657300EF3CEB /* ZYCModel2.m */ = {isa = PBXFileReference; lastKnownFileType = sourcecode.c.objc; path = ZYCModel2.m; sourceTree = "<group>"; };
		237F95A52B03668D00EF3CEB /* ZYCView.h */ = {isa = PBXFileReference; lastKnownFileType = sourcecode.c.h; path = ZYCView.h; sourceTree = "<group>"; };
		237F95A62B03668D00EF3CEB /* ZYCView.m */ = {isa = PBXFileReference; lastKnownFileType = sourcecode.c.objc; path = ZYCView.m; sourceTree = "<group>"; };
		239A3B7A2B15E74300101A7F /* IMG_2757.PNG */ = {isa = PBXFileReference; lastKnownFileType = image.png; path = IMG_2757.PNG; sourceTree = "<group>"; };
		239A3B7B2B15E74300101A7F /* IMG_2753.PNG */ = {isa = PBXFileReference; lastKnownFileType = image.png; path = IMG_2753.PNG; sourceTree = "<group>"; };
		239A3B7C2B15E74400101A7F /* IMG_2774.PNG */ = {isa = PBXFileReference; lastKnownFileType = image.png; path = IMG_2774.PNG; sourceTree = "<group>"; };
		239A3B7D2B15E74400101A7F /* IMG_2767.PNG */ = {isa = PBXFileReference; lastKnownFileType = image.png; path = IMG_2767.PNG; sourceTree = "<group>"; };
		239A3B7E2B15E74400101A7F /* IMG_2760.PNG */ = {isa = PBXFileReference; lastKnownFileType = image.png; path = IMG_2760.PNG; sourceTree = "<group>"; };
		239A3B7F2B15E74400101A7F /* IMG_2768.PNG */ = {isa = PBXFileReference; lastKnownFileType = image.png; path = IMG_2768.PNG; sourceTree = "<group>"; };
		239A3B802B15E74400101A7F /* IMG_2762.PNG */ = {isa = PBXFileReference; lastKnownFileType = image.png; path = IMG_2762.PNG; sourceTree = "<group>"; };
		239A3B812B15E74400101A7F /* IMG_2769.PNG */ = {isa = PBXFileReference; lastKnownFileType = image.png; path = IMG_2769.PNG; sourceTree = "<group>"; };
		239A3B822B15E74400101A7F /* IMG_2755.PNG */ = {isa = PBXFileReference; lastKnownFileType = image.png; path = IMG_2755.PNG; sourceTree = "<group>"; };
		239A3B832B15E74400101A7F /* IMG_2765.PNG */ = {isa = PBXFileReference; lastKnownFileType = image.png; path = IMG_2765.PNG; sourceTree = "<group>"; };
		239A3B842B15E74500101A7F /* IMG_2752.PNG */ = {isa = PBXFileReference; lastKnownFileType = image.png; path = IMG_2752.PNG; sourceTree = "<group>"; };
		239A3B852B15E74500101A7F /* IMG_2764.PNG */ = {isa = PBXFileReference; lastKnownFileType = image.png; path = IMG_2764.PNG; sourceTree = "<group>"; };
		239A3B862B15E74500101A7F /* IMG_2759.PNG */ = {isa = PBXFileReference; lastKnownFileType = image.png; path = IMG_2759.PNG; sourceTree = "<group>"; };
		239A3B872B15E74500101A7F /* IMG_2754.PNG */ = {isa = PBXFileReference; lastKnownFileType = image.png; path = IMG_2754.PNG; sourceTree = "<group>"; };
		239A3B882B15E74500101A7F /* IMG_2751.PNG */ = {isa = PBXFileReference; lastKnownFileType = image.png; path = IMG_2751.PNG; sourceTree = "<group>"; };
		239A3B892B15E74500101A7F /* IMG_2770.PNG */ = {isa = PBXFileReference; lastKnownFileType = image.png; path = IMG_2770.PNG; sourceTree = "<group>"; };
		239A3B8A2B15E74500101A7F /* IMG_2761.PNG */ = {isa = PBXFileReference; lastKnownFileType = image.png; path = IMG_2761.PNG; sourceTree = "<group>"; };
		239A3B8B2B15E74500101A7F /* IMG_2771.PNG */ = {isa = PBXFileReference; lastKnownFileType = image.png; path = IMG_2771.PNG; sourceTree = "<group>"; };
		239A3B8C2B15E74500101A7F /* IMG_2772.PNG */ = {isa = PBXFileReference; lastKnownFileType = image.png; path = IMG_2772.PNG; sourceTree = "<group>"; };
		239A3B8D2B15E74500101A7F /* IMG_2773.PNG */ = {isa = PBXFileReference; lastKnownFileType = image.png; path = IMG_2773.PNG; sourceTree = "<group>"; };
		239A3B8E2B15E74600101A7F /* IMG_2775.PNG */ = {isa = PBXFileReference; lastKnownFileType = image.png; path = IMG_2775.PNG; sourceTree = "<group>"; };
		239A3B8F2B15E74600101A7F /* IMG_2776.PNG */ = {isa = PBXFileReference; lastKnownFileType = image.png; path = IMG_2776.PNG; sourceTree = "<group>"; };
		239A3B902B15E74600101A7F /* IMG_2763.PNG */ = {isa = PBXFileReference; lastKnownFileType = image.png; path = IMG_2763.PNG; sourceTree = "<group>"; };
		239A3BA82B15E81F00101A7F /* PrototypeProtocol.h */ = {isa = PBXFileReference; lastKnownFileType = sourcecode.c.h; path = PrototypeProtocol.h; sourceTree = "<group>"; };
		239A3BA92B15E89D00101A7F /* BaseCopyObject.h */ = {isa = PBXFileReference; lastKnownFileType = sourcecode.c.h; path = BaseCopyObject.h; sourceTree = "<group>"; };
		239A3BAA2B15E89D00101A7F /* BaseCopyObject.m */ = {isa = PBXFileReference; lastKnownFileType = sourcecode.c.objc; path = BaseCopyObject.m; sourceTree = "<group>"; };
		239A3BAC2B15E98400101A7F /* StudentModel.h */ = {isa = PBXFileReference; lastKnownFileType = sourcecode.c.h; path = StudentModel.h; sourceTree = "<group>"; };
		239A3BAD2B15E98400101A7F /* StudentModel.m */ = {isa = PBXFileReference; lastKnownFileType = sourcecode.c.objc; path = StudentModel.m; sourceTree = "<group>"; };
		239A3BB12B16E80600101A7F /* Computer.h */ = {isa = PBXFileReference; lastKnownFileType = sourcecode.c.h; path = Computer.h; sourceTree = "<group>"; };
		239A3BB22B16E80600101A7F /* Computer.m */ = {isa = PBXFileReference; lastKnownFileType = sourcecode.c.objc; path = Computer.m; sourceTree = "<group>"; };
		239A3BB42B16E81200101A7F /* QQ.h */ = {isa = PBXFileReference; lastKnownFileType = sourcecode.c.h; path = QQ.h; sourceTree = "<group>"; };
		239A3BB52B16E81200101A7F /* QQ.m */ = {isa = PBXFileReference; lastKnownFileType = sourcecode.c.objc; path = QQ.m; sourceTree = "<group>"; };
		239A3BB72B16E81C00101A7F /* Wechat.h */ = {isa = PBXFileReference; lastKnownFileType = sourcecode.c.h; path = Wechat.h; sourceTree = "<group>"; };
		239A3BB82B16E81C00101A7F /* Wechat.m */ = {isa = PBXFileReference; lastKnownFileType = sourcecode.c.objc; path = Wechat.m; sourceTree = "<group>"; };
		239A3BBA2B16E82500101A7F /* Xcode.h */ = {isa = PBXFileReference; lastKnownFileType = sourcecode.c.h; path = Xcode.h; sourceTree = "<group>"; };
		239A3BBB2B16E82500101A7F /* Xcode.m */ = {isa = PBXFileReference; lastKnownFileType = sourcecode.c.objc; path = Xcode.m; sourceTree = "<group>"; };
		239A3BBF2B17092D00101A7F /* IMG_2782.PNG */ = {isa = PBXFileReference; lastKnownFileType = image.png; path = IMG_2782.PNG; sourceTree = "<group>"; };
		239A3BC02B17092D00101A7F /* IMG_2778.PNG */ = {isa = PBXFileReference; lastKnownFileType = image.png; path = IMG_2778.PNG; sourceTree = "<group>"; };
		239A3BC12B17092D00101A7F /* IMG_2780.PNG */ = {isa = PBXFileReference; lastKnownFileType = image.png; path = IMG_2780.PNG; sourceTree = "<group>"; };
		239A3BC22B17092D00101A7F /* IMG_2785.PNG */ = {isa = PBXFileReference; lastKnownFileType = image.png; path = IMG_2785.PNG; sourceTree = "<group>"; };
		239A3BC32B17092D00101A7F /* IMG_2783.PNG */ = {isa = PBXFileReference; lastKnownFileType = image.png; path = IMG_2783.PNG; sourceTree = "<group>"; };
		239A3BC42B17092D00101A7F /* IMG_2788.PNG */ = {isa = PBXFileReference; lastKnownFileType = image.png; path = IMG_2788.PNG; sourceTree = "<group>"; };
		239A3BC52B17092D00101A7F /* IMG_2777.PNG */ = {isa = PBXFileReference; lastKnownFileType = image.png; path = IMG_2777.PNG; sourceTree = "<group>"; };
		239A3BC62B17092D00101A7F /* IMG_2779.PNG */ = {isa = PBXFileReference; lastKnownFileType = image.png; path = IMG_2779.PNG; sourceTree = "<group>"; };
		239A3BC72B17092D00101A7F /* IMG_2781.PNG */ = {isa = PBXFileReference; lastKnownFileType = image.png; path = IMG_2781.PNG; sourceTree = "<group>"; };
		239A3BC82B17092D00101A7F /* IMG_2786.PNG */ = {isa = PBXFileReference; lastKnownFileType = image.png; path = IMG_2786.PNG; sourceTree = "<group>"; };
		239A3BC92B17092D00101A7F /* IMG_2784.PNG */ = {isa = PBXFileReference; lastKnownFileType = image.png; path = IMG_2784.PNG; sourceTree = "<group>"; };
		239A3BCA2B17092E00101A7F /* IMG_2787.PNG */ = {isa = PBXFileReference; lastKnownFileType = image.png; path = IMG_2787.PNG; sourceTree = "<group>"; };
		239A3BDB2B181CB100101A7F /* Soy.m */ = {isa = PBXFileReference; fileEncoding = 4; lastKnownFileType = sourcecode.c.objc; path = Soy.m; sourceTree = "<group>"; };
		239A3BDC2B181CB100101A7F /* Mocha.h */ = {isa = PBXFileReference; fileEncoding = 4; lastKnownFileType = sourcecode.c.h; path = Mocha.h; sourceTree = "<group>"; };
		239A3BDD2B181CB100101A7F /* Whip.h */ = {isa = PBXFileReference; fileEncoding = 4; lastKnownFileType = sourcecode.c.h; path = Whip.h; sourceTree = "<group>"; };
		239A3BDE2B181CB100101A7F /* Mocha.m */ = {isa = PBXFileReference; fileEncoding = 4; lastKnownFileType = sourcecode.c.objc; path = Mocha.m; sourceTree = "<group>"; };
		239A3BDF2B181CB100101A7F /* Whip.m */ = {isa = PBXFileReference; fileEncoding = 4; lastKnownFileType = sourcecode.c.objc; path = Whip.m; sourceTree = "<group>"; };
		239A3BE02B181CB100101A7F /* Milk.h */ = {isa = PBXFileReference; fileEncoding = 4; lastKnownFileType = sourcecode.c.h; path = Milk.h; sourceTree = "<group>"; };
		239A3BE12B181CB100101A7F /* Milk.m */ = {isa = PBXFileReference; fileEncoding = 4; lastKnownFileType = sourcecode.c.objc; path = Milk.m; sourceTree = "<group>"; };
		239A3BE22B181CB100101A7F /* Soy.h */ = {isa = PBXFileReference; fileEncoding = 4; lastKnownFileType = sourcecode.c.h; path = Soy.h; sourceTree = "<group>"; };
		239A3BE72B181CC000101A7F /* CondimentDecorator.h */ = {isa = PBXFileReference; fileEncoding = 4; lastKnownFileType = sourcecode.c.h; path = CondimentDecorator.h; sourceTree = "<group>"; };
		239A3BE82B181CF200101A7F /* Espresso.m */ = {isa = PBXFileReference; fileEncoding = 4; lastKnownFileType = sourcecode.c.objc; path = Espresso.m; sourceTree = "<group>"; };
		239A3BE92B181CF200101A7F /* Espresso.h */ = {isa = PBXFileReference; fileEncoding = 4; lastKnownFileType = sourcecode.c.h; path = Espresso.h; sourceTree = "<group>"; };
		239A3BEA2B181CF200101A7F /* HouseBlend.m */ = {isa = PBXFileReference; fileEncoding = 4; lastKnownFileType = sourcecode.c.objc; path = HouseBlend.m; sourceTree = "<group>"; };
		239A3BEB2B181CF300101A7F /* DarkRoast.m */ = {isa = PBXFileReference; fileEncoding = 4; lastKnownFileType = sourcecode.c.objc; path = DarkRoast.m; sourceTree = "<group>"; };
		239A3BEC2B181CF300101A7F /* DarkRoast.h */ = {isa = PBXFileReference; fileEncoding = 4; lastKnownFileType = sourcecode.c.h; path = DarkRoast.h; sourceTree = "<group>"; };
		239A3BED2B181CF300101A7F /* Decaf.m */ = {isa = PBXFileReference; fileEncoding = 4; lastKnownFileType = sourcecode.c.objc; path = Decaf.m; sourceTree = "<group>"; };
		239A3BEE2B181CF300101A7F /* Decaf.h */ = {isa = PBXFileReference; fileEncoding = 4; lastKnownFileType = sourcecode.c.h; path = Decaf.h; sourceTree = "<group>"; };
		239A3BEF2B181CF300101A7F /* HouseBlend.h */ = {isa = PBXFileReference; fileEncoding = 4; lastKnownFileType = sourcecode.c.h; path = HouseBlend.h; sourceTree = "<group>"; };
		239A3BF42B181CFF00101A7F /* Beverage.h */ = {isa = PBXFileReference; fileEncoding = 4; lastKnownFileType = sourcecode.c.h; path = Beverage.h; sourceTree = "<group>"; };
		23CB242B2B1494DB0036F5CF /* Strategy.h */ = {isa = PBXFileReference; lastKnownFileType = sourcecode.c.h; path = Strategy.h; sourceTree = "<group>"; };
		23CB242C2B1494DB0036F5CF /* Strategy.m */ = {isa = PBXFileReference; lastKnownFileType = sourcecode.c.objc; path = Strategy.m; sourceTree = "<group>"; };
		23CB242E2B14962A0036F5CF /* ConcreteStrategyA.h */ = {isa = PBXFileReference; lastKnownFileType = sourcecode.c.h; path = ConcreteStrategyA.h; sourceTree = "<group>"; };
		23CB242F2B14962A0036F5CF /* ConcreteStrategyA.m */ = {isa = PBXFileReference; lastKnownFileType = sourcecode.c.objc; path = ConcreteStrategyA.m; sourceTree = "<group>"; };
		23CB24312B1496350036F5CF /* ConcreteStrategyB.h */ = {isa = PBXFileReference; lastKnownFileType = sourcecode.c.h; path = ConcreteStrategyB.h; sourceTree = "<group>"; };
		23CB24322B1496350036F5CF /* ConcreteStrategyB.m */ = {isa = PBXFileReference; lastKnownFileType = sourcecode.c.objc; path = ConcreteStrategyB.m; sourceTree = "<group>"; };
		23CB24342B14971E0036F5CF /* StrategyCustomView.h */ = {isa = PBXFileReference; lastKnownFileType = sourcecode.c.h; path = StrategyCustomView.h; sourceTree = "<group>"; };
		23CB24352B14971E0036F5CF /* StrategyCustomView.m */ = {isa = PBXFileReference; lastKnownFileType = sourcecode.c.objc; path = StrategyCustomView.m; sourceTree = "<group>"; };
		23CB24382B149CB40036F5CF /* IMG_2733.PNG */ = {isa = PBXFileReference; lastKnownFileType = image.png; path = IMG_2733.PNG; sourceTree = "<group>"; };
		23CB24392B149CB40036F5CF /* IMG_2735.PNG */ = {isa = PBXFileReference; lastKnownFileType = image.png; path = IMG_2735.PNG; sourceTree = "<group>"; };
		23CB243A2B149CB40036F5CF /* IMG_2736.PNG */ = {isa = PBXFileReference; lastKnownFileType = image.png; path = IMG_2736.PNG; sourceTree = "<group>"; };
		23CB243B2B149CB40036F5CF /* IMG_2732.PNG */ = {isa = PBXFileReference; lastKnownFileType = image.png; path = IMG_2732.PNG; sourceTree = "<group>"; };
		23CB243C2B149CB40036F5CF /* IMG_2745.PNG */ = {isa = PBXFileReference; lastKnownFileType = image.png; path = IMG_2745.PNG; sourceTree = "<group>"; };
		23CB243D2B149CB40036F5CF /* IMG_2747.PNG */ = {isa = PBXFileReference; lastKnownFileType = image.png; path = IMG_2747.PNG; sourceTree = "<group>"; };
		23CB243E2B149CB50036F5CF /* IMG_2734.PNG */ = {isa = PBXFileReference; lastKnownFileType = image.png; path = IMG_2734.PNG; sourceTree = "<group>"; };
		23CB243F2B149CB50036F5CF /* IMG_2742.PNG */ = {isa = PBXFileReference; lastKnownFileType = image.png; path = IMG_2742.PNG; sourceTree = "<group>"; };
		23CB24402B149CB50036F5CF /* IMG_2731.PNG */ = {isa = PBXFileReference; lastKnownFileType = image.png; path = IMG_2731.PNG; sourceTree = "<group>"; };
		23CB24412B149CB50036F5CF /* IMG_2740.PNG */ = {isa = PBXFileReference; lastKnownFileType = image.png; path = IMG_2740.PNG; sourceTree = "<group>"; };
		23CB24422B149CB50036F5CF /* IMG_2743.PNG */ = {isa = PBXFileReference; lastKnownFileType = image.png; path = IMG_2743.PNG; sourceTree = "<group>"; };
		23CB24432B149CB50036F5CF /* IMG_2748.PNG */ = {isa = PBXFileReference; lastKnownFileType = image.png; path = IMG_2748.PNG; sourceTree = "<group>"; };
		23CB24442B149CB50036F5CF /* IMG_2741.PNG */ = {isa = PBXFileReference; lastKnownFileType = image.png; path = IMG_2741.PNG; sourceTree = "<group>"; };
		23CB24452B149CB50036F5CF /* IMG_2739.PNG */ = {isa = PBXFileReference; lastKnownFileType = image.png; path = IMG_2739.PNG; sourceTree = "<group>"; };
		23CB24462B149CB50036F5CF /* IMG_2749.PNG */ = {isa = PBXFileReference; lastKnownFileType = image.png; path = IMG_2749.PNG; sourceTree = "<group>"; };
		23CB24472B149CB60036F5CF /* IMG_2738.PNG */ = {isa = PBXFileReference; lastKnownFileType = image.png; path = IMG_2738.PNG; sourceTree = "<group>"; };
		23CB24482B149CB60036F5CF /* IMG_2746.PNG */ = {isa = PBXFileReference; lastKnownFileType = image.png; path = IMG_2746.PNG; sourceTree = "<group>"; };
		23F4000C2B21BAAD006F1244 /* IMG_2795.PNG */ = {isa = PBXFileReference; lastKnownFileType = image.png; path = IMG_2795.PNG; sourceTree = "<group>"; };
		23F4000D2B21BAAD006F1244 /* IMG_2813.PNG */ = {isa = PBXFileReference; lastKnownFileType = image.png; path = IMG_2813.PNG; sourceTree = "<group>"; };
		23F4000E2B21BAAD006F1244 /* IMG_2797.PNG */ = {isa = PBXFileReference; lastKnownFileType = image.png; path = IMG_2797.PNG; sourceTree = "<group>"; };
		23F4000F2B21BAAD006F1244 /* IMG_2816.PNG */ = {isa = PBXFileReference; lastKnownFileType = image.png; path = IMG_2816.PNG; sourceTree = "<group>"; };
		23F400102B21BAAD006F1244 /* IMG_2819.PNG */ = {isa = PBXFileReference; lastKnownFileType = image.png; path = IMG_2819.PNG; sourceTree = "<group>"; };
		23F400112B21BAAD006F1244 /* IMG_2820.PNG */ = {isa = PBXFileReference; lastKnownFileType = image.png; path = IMG_2820.PNG; sourceTree = "<group>"; };
		23F400122B21BAAE006F1244 /* IMG_2821.PNG */ = {isa = PBXFileReference; lastKnownFileType = image.png; path = IMG_2821.PNG; sourceTree = "<group>"; };
		23F400132B21BAAE006F1244 /* IMG_2798.PNG */ = {isa = PBXFileReference; lastKnownFileType = image.png; path = IMG_2798.PNG; sourceTree = "<group>"; };
		23F400142B21BAAE006F1244 /* IMG_2818.PNG */ = {isa = PBXFileReference; lastKnownFileType = image.png; path = IMG_2818.PNG; sourceTree = "<group>"; };
		23F400152B21BAAE006F1244 /* IMG_2824.PNG */ = {isa = PBXFileReference; lastKnownFileType = image.png; path = IMG_2824.PNG; sourceTree = "<group>"; };
		23F400162B21BAAE006F1244 /* IMG_2793.PNG */ = {isa = PBXFileReference; lastKnownFileType = image.png; path = IMG_2793.PNG; sourceTree = "<group>"; };
		23F400172B21BAAE006F1244 /* IMG_2823.PNG */ = {isa = PBXFileReference; lastKnownFileType = image.png; path = IMG_2823.PNG; sourceTree = "<group>"; };
		23F400182B21BAAE006F1244 /* IMG_2806.PNG */ = {isa = PBXFileReference; lastKnownFileType = image.png; path = IMG_2806.PNG; sourceTree = "<group>"; };
		23F4001A2B21BAAE006F1244 /* IMG_2791.PNG */ = {isa = PBXFileReference; lastKnownFileType = image.png; path = IMG_2791.PNG; sourceTree = "<group>"; };
		23F4001B2B21BAAE006F1244 /* IMG_2814.PNG */ = {isa = PBXFileReference; lastKnownFileType = image.png; path = IMG_2814.PNG; sourceTree = "<group>"; };
		23F4001F2B21BAAF006F1244 /* IMG_2794.PNG */ = {isa = PBXFileReference; lastKnownFileType = image.png; path = IMG_2794.PNG; sourceTree = "<group>"; };
		23F400202B21BAAF006F1244 /* IMG_2796.PNG */ = {isa = PBXFileReference; lastKnownFileType = image.png; path = IMG_2796.PNG; sourceTree = "<group>"; };
		23F400232B21BAAF006F1244 /* IMG_2809.PNG */ = {isa = PBXFileReference; lastKnownFileType = image.png; path = IMG_2809.PNG; sourceTree = "<group>"; };
		23F400252B21BAAF006F1244 /* IMG_2815.PNG */ = {isa = PBXFileReference; lastKnownFileType = image.png; path = IMG_2815.PNG; sourceTree = "<group>"; };
		23F400262B21BAAF006F1244 /* IMG_2803.PNG */ = {isa = PBXFileReference; lastKnownFileType = image.png; path = IMG_2803.PNG; sourceTree = "<group>"; };
		23F400292B21BAAF006F1244 /* IMG_2801.PNG */ = {isa = PBXFileReference; lastKnownFileType = image.png; path = IMG_2801.PNG; sourceTree = "<group>"; };
		23F4002B2B21BAB0006F1244 /* IMG_2799.PNG */ = {isa = PBXFileReference; lastKnownFileType = image.png; path = IMG_2799.PNG; sourceTree = "<group>"; };
		23F4002C2B21BAB0006F1244 /* IMG_2800.PNG */ = {isa = PBXFileReference; lastKnownFileType = image.png; path = IMG_2800.PNG; sourceTree = "<group>"; };
		23F4002D2B21BAB0006F1244 /* IMG_2807.PNG */ = {isa = PBXFileReference; lastKnownFileType = image.png; path = IMG_2807.PNG; sourceTree = "<group>"; };
		23F4002E2B21BAB0006F1244 /* IMG_2808.PNG */ = {isa = PBXFileReference; lastKnownFileType = image.png; path = IMG_2808.PNG; sourceTree = "<group>"; };
		23F4002F2B21BAB0006F1244 /* IMG_2810.PNG */ = {isa = PBXFileReference; lastKnownFileType = image.png; path = IMG_2810.PNG; sourceTree = "<group>"; };
		23F400302B21BAB0006F1244 /* IMG_2802.PNG */ = {isa = PBXFileReference; lastKnownFileType = image.png; path = IMG_2802.PNG; sourceTree = "<group>"; };
		23F400312B21BAB0006F1244 /* IMG_2822.PNG */ = {isa = PBXFileReference; lastKnownFileType = image.png; path = IMG_2822.PNG; sourceTree = "<group>"; };
		23F400322B21BAB0006F1244 /* IMG_2790.PNG */ = {isa = PBXFileReference; lastKnownFileType = image.png; path = IMG_2790.PNG; sourceTree = "<group>"; };
		23F400332B21BAB0006F1244 /* IMG_2825.PNG */ = {isa = PBXFileReference; lastKnownFileType = image.png; path = IMG_2825.PNG; sourceTree = "<group>"; };
		23F400342B21BAB0006F1244 /* IMG_2804.PNG */ = {isa = PBXFileReference; lastKnownFileType = image.png; path = IMG_2804.PNG; sourceTree = "<group>"; };
		23F400352B21BAB0006F1244 /* IMG_2805.PNG */ = {isa = PBXFileReference; lastKnownFileType = image.png; path = IMG_2805.PNG; sourceTree = "<group>"; };
		23F400382B21BAB1006F1244 /* IMG_2812.PNG */ = {isa = PBXFileReference; lastKnownFileType = image.png; path = IMG_2812.PNG; sourceTree = "<group>"; };
/* End PBXFileReference section */

/* Begin PBXFrameworksBuildPhase section */
		237F95452B0345AC00EF3CEB /* Frameworks */ = {
			isa = PBXFrameworksBuildPhase;
			buildActionMask = 2147483647;
			files = (
			);
			runOnlyForDeploymentPostprocessing = 0;
		};
		237F95602B0345AF00EF3CEB /* Frameworks */ = {
			isa = PBXFrameworksBuildPhase;
			buildActionMask = 2147483647;
			files = (
			);
			runOnlyForDeploymentPostprocessing = 0;
		};
		237F956A2B0345AF00EF3CEB /* Frameworks */ = {
			isa = PBXFrameworksBuildPhase;
			buildActionMask = 2147483647;
			files = (
			);
			runOnlyForDeploymentPostprocessing = 0;
		};
/* End PBXFrameworksBuildPhase section */

/* Begin PBXGroup section */
		237F953F2B0345AC00EF3CEB = {
			isa = PBXGroup;
			children = (
				237F954A2B0345AC00EF3CEB /* IOSDesignPattern */,
				237F95662B0345AF00EF3CEB /* IOSDesignPatternTests */,
				237F95702B0345AF00EF3CEB /* IOSDesignPatternUITests */,
				237F95492B0345AC00EF3CEB /* Products */,
			);
			sourceTree = "<group>";
		};
		237F95492B0345AC00EF3CEB /* Products */ = {
			isa = PBXGroup;
			children = (
				237F95482B0345AC00EF3CEB /* IOSDesignPattern.app */,
				237F95632B0345AF00EF3CEB /* IOSDesignPatternTests.xctest */,
				237F956D2B0345AF00EF3CEB /* IOSDesignPatternUITests.xctest */,
			);
			name = Products;
			sourceTree = "<group>";
		};
		237F954A2B0345AC00EF3CEB /* IOSDesignPattern */ = {
			isa = PBXGroup;
			children = (
				237F95812B034C1D00EF3CEB /* 适配器 */,
				23CB242A2B1491830036F5CF /* 策略 */,
				239A3B782B15E72800101A7F /* 原型 */,
				239A3BAF2B16E78F00101A7F /* 外观 */,
				239A3BBD2B17091500101A7F /* 装饰 */,
				23F4000A2B21B4D5006F1244 /* 工厂 */,
				237F954B2B0345AD00EF3CEB /* AppDelegate.h */,
				237F954C2B0345AD00EF3CEB /* AppDelegate.m */,
				237F954E2B0345AD00EF3CEB /* SceneDelegate.h */,
				237F954F2B0345AD00EF3CEB /* SceneDelegate.m */,
				237F95512B0345AD00EF3CEB /* ViewController.h */,
				237F95522B0345AD00EF3CEB /* ViewController.m */,
				237F95542B0345AD00EF3CEB /* Main.storyboard */,
				237F95572B0345AF00EF3CEB /* Assets.xcassets */,
				237F95592B0345AF00EF3CEB /* LaunchScreen.storyboard */,
				237F955C2B0345AF00EF3CEB /* Info.plist */,
				237F955D2B0345AF00EF3CEB /* main.m */,
			);
			path = IOSDesignPattern;
			sourceTree = "<group>";
		};
		237F95662B0345AF00EF3CEB /* IOSDesignPatternTests */ = {
			isa = PBXGroup;
			children = (
				237F95672B0345AF00EF3CEB /* IOSDesignPatternTests.m */,
			);
			path = IOSDesignPatternTests;
			sourceTree = "<group>";
		};
		237F95702B0345AF00EF3CEB /* IOSDesignPatternUITests */ = {
			isa = PBXGroup;
			children = (
				237F95712B0345AF00EF3CEB /* IOSDesignPatternUITests.m */,
				237F95732B0345AF00EF3CEB /* IOSDesignPatternUITestsLaunchTests.m */,
			);
			path = IOSDesignPatternUITests;
			sourceTree = "<group>";
		};
		237F95812B034C1D00EF3CEB /* 适配器 */ = {
			isa = PBXGroup;
			children = (
				237F95912B0355C600EF3CEB /* 类适配器 */,
				237F95822B03509E00EF3CEB /* 对象适配器 */,
				237F959E2B03655100EF3CEB /* ModelProtocol.h */,
				237F959F2B03656800EF3CEB /* ZYCModel1.h */,
				237F95A02B03656800EF3CEB /* ZYCModel1.m */,
				237F95A22B03657300EF3CEB /* ZYCModel2.h */,
				237F95A32B03657300EF3CEB /* ZYCModel2.m */,
				237F95A52B03668D00EF3CEB /* ZYCView.h */,
				237F95A62B03668D00EF3CEB /* ZYCView.m */,
			);
			path = "适配器";
			sourceTree = "<group>";
		};
		237F95822B03509E00EF3CEB /* 对象适配器 */ = {
			isa = PBXGroup;
			children = (
				237F95862B0350F200EF3CEB /* ZYCMediaPlayer.h */,
				237F95872B03517200EF3CEB /* ZYCAdvancedMediaPlayer.h */,
				237F95882B0351C700EF3CEB /* ZYCVlcPlayer.h */,
				237F95892B0351C700EF3CEB /* ZYCVlcPlayer.m */,
				237F958B2B0351D900EF3CEB /* ZYCMp4Player.h */,
				237F958C2B0351D900EF3CEB /* ZYCMp4Player.m */,
				237F958E2B03529C00EF3CEB /* ZYCMediaAdapter.h */,
				237F958F2B03529C00EF3CEB /* ZYCMediaAdapter.m */,
			);
			path = "对象适配器";
			sourceTree = "<group>";
		};
		237F95912B0355C600EF3CEB /* 类适配器 */ = {
			isa = PBXGroup;
			children = (
				237F95922B0355EA00EF3CEB /* ZYCVlcPlayerAdapter.h */,
				237F95932B0355EA00EF3CEB /* ZYCVlcPlayerAdapter.m */,
				237F95952B0355FB00EF3CEB /* ZYCMp4PlayerAdapter.h */,
				237F95962B0355FB00EF3CEB /* ZYCMp4PlayerAdapter.m */,
			);
			path = "类适配器";
			sourceTree = "<group>";
		};
		239A3B782B15E72800101A7F /* 原型 */ = {
			isa = PBXGroup;
			children = (
				239A3B792B15E73600101A7F /* source */,
				239A3BA82B15E81F00101A7F /* PrototypeProtocol.h */,
				239A3BA92B15E89D00101A7F /* BaseCopyObject.h */,
				239A3BAA2B15E89D00101A7F /* BaseCopyObject.m */,
				239A3BAC2B15E98400101A7F /* StudentModel.h */,
				239A3BAD2B15E98400101A7F /* StudentModel.m */,
			);
			path = "原型";
			sourceTree = "<group>";
		};
		239A3B792B15E73600101A7F /* source */ = {
			isa = PBXGroup;
			children = (
				239A3B882B15E74500101A7F /* IMG_2751.PNG */,
				239A3B842B15E74500101A7F /* IMG_2752.PNG */,
				239A3B7B2B15E74300101A7F /* IMG_2753.PNG */,
				239A3B872B15E74500101A7F /* IMG_2754.PNG */,
				239A3B822B15E74400101A7F /* IMG_2755.PNG */,
				239A3B7A2B15E74300101A7F /* IMG_2757.PNG */,
				239A3B862B15E74500101A7F /* IMG_2759.PNG */,
				239A3B7E2B15E74400101A7F /* IMG_2760.PNG */,
				239A3B8A2B15E74500101A7F /* IMG_2761.PNG */,
				239A3B802B15E74400101A7F /* IMG_2762.PNG */,
				239A3B902B15E74600101A7F /* IMG_2763.PNG */,
				239A3B852B15E74500101A7F /* IMG_2764.PNG */,
				239A3B832B15E74400101A7F /* IMG_2765.PNG */,
				239A3B7D2B15E74400101A7F /* IMG_2767.PNG */,
				239A3B7F2B15E74400101A7F /* IMG_2768.PNG */,
			);
			path = source;
			sourceTree = "<group>";
		};
		239A3BAF2B16E78F00101A7F /* 外观 */ = {
			isa = PBXGroup;
			children = (
				239A3BB02B16E79B00101A7F /* source */,
				239A3BB12B16E80600101A7F /* Computer.h */,
				239A3BB22B16E80600101A7F /* Computer.m */,
				239A3BB42B16E81200101A7F /* QQ.h */,
				239A3BB52B16E81200101A7F /* QQ.m */,
				239A3BB72B16E81C00101A7F /* Wechat.h */,
				239A3BB82B16E81C00101A7F /* Wechat.m */,
				239A3BBA2B16E82500101A7F /* Xcode.h */,
				239A3BBB2B16E82500101A7F /* Xcode.m */,
			);
			path = "外观";
			sourceTree = "<group>";
		};
		239A3BB02B16E79B00101A7F /* source */ = {
			isa = PBXGroup;
			children = (
				239A3B812B15E74400101A7F /* IMG_2769.PNG */,
				239A3B892B15E74500101A7F /* IMG_2770.PNG */,
				239A3B8B2B15E74500101A7F /* IMG_2771.PNG */,
				239A3B8C2B15E74500101A7F /* IMG_2772.PNG */,
				239A3B8D2B15E74500101A7F /* IMG_2773.PNG */,
				239A3B7C2B15E74400101A7F /* IMG_2774.PNG */,
				239A3B8E2B15E74600101A7F /* IMG_2775.PNG */,
				239A3B8F2B15E74600101A7F /* IMG_2776.PNG */,
			);
			path = source;
			sourceTree = "<group>";
		};
		239A3BBD2B17091500101A7F /* 装饰 */ = {
			isa = PBXGroup;
			children = (
				239A3BD72B1744E800101A7F /* ConcereteDecorator */,
				239A3BD82B181C6E00101A7F /* Decorator */,
				239A3BD92B181C8100101A7F /* ConcereteComponent */,
				239A3BDA2B181C9700101A7F /* Component */,
				239A3BBE2B17092300101A7F /* source */,
			);
			path = "装饰";
			sourceTree = "<group>";
		};
		239A3BBE2B17092300101A7F /* source */ = {
			isa = PBXGroup;
			children = (
				239A3BC52B17092D00101A7F /* IMG_2777.PNG */,
				239A3BC02B17092D00101A7F /* IMG_2778.PNG */,
				239A3BC62B17092D00101A7F /* IMG_2779.PNG */,
				239A3BC12B17092D00101A7F /* IMG_2780.PNG */,
				239A3BC72B17092D00101A7F /* IMG_2781.PNG */,
				239A3BBF2B17092D00101A7F /* IMG_2782.PNG */,
				239A3BC32B17092D00101A7F /* IMG_2783.PNG */,
				239A3BC92B17092D00101A7F /* IMG_2784.PNG */,
				239A3BC22B17092D00101A7F /* IMG_2785.PNG */,
				239A3BC82B17092D00101A7F /* IMG_2786.PNG */,
				239A3BCA2B17092E00101A7F /* IMG_2787.PNG */,
				239A3BC42B17092D00101A7F /* IMG_2788.PNG */,
			);
			path = source;
			sourceTree = "<group>";
		};
		239A3BD72B1744E800101A7F /* ConcereteDecorator */ = {
			isa = PBXGroup;
			children = (
				239A3BE02B181CB100101A7F /* Milk.h */,
				239A3BE12B181CB100101A7F /* Milk.m */,
				239A3BDC2B181CB100101A7F /* Mocha.h */,
				239A3BDE2B181CB100101A7F /* Mocha.m */,
				239A3BE22B181CB100101A7F /* Soy.h */,
				239A3BDB2B181CB100101A7F /* Soy.m */,
				239A3BDD2B181CB100101A7F /* Whip.h */,
				239A3BDF2B181CB100101A7F /* Whip.m */,
			);
			path = ConcereteDecorator;
			sourceTree = "<group>";
		};
		239A3BD82B181C6E00101A7F /* Decorator */ = {
			isa = PBXGroup;
			children = (
				239A3BE72B181CC000101A7F /* CondimentDecorator.h */,
			);
			path = Decorator;
			sourceTree = "<group>";
		};
		239A3BD92B181C8100101A7F /* ConcereteComponent */ = {
			isa = PBXGroup;
			children = (
				239A3BEC2B181CF300101A7F /* DarkRoast.h */,
				239A3BEB2B181CF300101A7F /* DarkRoast.m */,
				239A3BEE2B181CF300101A7F /* Decaf.h */,
				239A3BED2B181CF300101A7F /* Decaf.m */,
				239A3BE92B181CF200101A7F /* Espresso.h */,
				239A3BE82B181CF200101A7F /* Espresso.m */,
				239A3BEF2B181CF300101A7F /* HouseBlend.h */,
				239A3BEA2B181CF200101A7F /* HouseBlend.m */,
			);
			path = ConcereteComponent;
			sourceTree = "<group>";
		};
		239A3BDA2B181C9700101A7F /* Component */ = {
			isa = PBXGroup;
			children = (
				239A3BF42B181CFF00101A7F /* Beverage.h */,
			);
			path = Component;
			sourceTree = "<group>";
		};
		23CB242A2B1491830036F5CF /* 策略 */ = {
			isa = PBXGroup;
			children = (
				23CB24372B149C9F0036F5CF /* Source */,
				23CB242B2B1494DB0036F5CF /* Strategy.h */,
				23CB242C2B1494DB0036F5CF /* Strategy.m */,
				23CB242E2B14962A0036F5CF /* ConcreteStrategyA.h */,
				23CB242F2B14962A0036F5CF /* ConcreteStrategyA.m */,
				23CB24312B1496350036F5CF /* ConcreteStrategyB.h */,
				23CB24322B1496350036F5CF /* ConcreteStrategyB.m */,
				23CB24342B14971E0036F5CF /* StrategyCustomView.h */,
				23CB24352B14971E0036F5CF /* StrategyCustomView.m */,
			);
			path = "策略";
			sourceTree = "<group>";
		};
		23CB24372B149C9F0036F5CF /* Source */ = {
			isa = PBXGroup;
			children = (
				23CB24402B149CB50036F5CF /* IMG_2731.PNG */,
				23CB243B2B149CB40036F5CF /* IMG_2732.PNG */,
				23CB24382B149CB40036F5CF /* IMG_2733.PNG */,
				23CB243E2B149CB50036F5CF /* IMG_2734.PNG */,
				23CB24392B149CB40036F5CF /* IMG_2735.PNG */,
				23CB243A2B149CB40036F5CF /* IMG_2736.PNG */,
				23CB24472B149CB60036F5CF /* IMG_2738.PNG */,
				23CB24452B149CB50036F5CF /* IMG_2739.PNG */,
				23CB24412B149CB50036F5CF /* IMG_2740.PNG */,
				23CB24442B149CB50036F5CF /* IMG_2741.PNG */,
				23CB243F2B149CB50036F5CF /* IMG_2742.PNG */,
				23CB24422B149CB50036F5CF /* IMG_2743.PNG */,
				23CB243C2B149CB40036F5CF /* IMG_2745.PNG */,
				23CB24482B149CB60036F5CF /* IMG_2746.PNG */,
				23CB243D2B149CB40036F5CF /* IMG_2747.PNG */,
				23CB24432B149CB50036F5CF /* IMG_2748.PNG */,
				23CB24462B149CB50036F5CF /* IMG_2749.PNG */,
			);
			path = Source;
			sourceTree = "<group>";
		};
		23F4000A2B21B4D5006F1244 /* 工厂 */ = {
			isa = PBXGroup;
			children = (
				23F4000B2B21B4E2006F1244 /* source */,
			);
			path = "工厂";
			sourceTree = "<group>";
		};
		23F4000B2B21B4E2006F1244 /* source */ = {
			isa = PBXGroup;
			children = (
				23F400322B21BAB0006F1244 /* IMG_2790.PNG */,
				23F4001A2B21BAAE006F1244 /* IMG_2791.PNG */,
				23F400162B21BAAE006F1244 /* IMG_2793.PNG */,
				23F4001F2B21BAAF006F1244 /* IMG_2794.PNG */,
				23F4000C2B21BAAD006F1244 /* IMG_2795.PNG */,
				23F400202B21BAAF006F1244 /* IMG_2796.PNG */,
				23F4000E2B21BAAD006F1244 /* IMG_2797.PNG */,
				23F400132B21BAAE006F1244 /* IMG_2798.PNG */,
				23F4002B2B21BAB0006F1244 /* IMG_2799.PNG */,
				23F4002C2B21BAB0006F1244 /* IMG_2800.PNG */,
				23F400292B21BAAF006F1244 /* IMG_2801.PNG */,
				23F400302B21BAB0006F1244 /* IMG_2802.PNG */,
				23F400262B21BAAF006F1244 /* IMG_2803.PNG */,
				23F400342B21BAB0006F1244 /* IMG_2804.PNG */,
				23F400352B21BAB0006F1244 /* IMG_2805.PNG */,
				23F400182B21BAAE006F1244 /* IMG_2806.PNG */,
				23F4002D2B21BAB0006F1244 /* IMG_2807.PNG */,
				23F4002E2B21BAB0006F1244 /* IMG_2808.PNG */,
				23F400232B21BAAF006F1244 /* IMG_2809.PNG */,
				23F4002F2B21BAB0006F1244 /* IMG_2810.PNG */,
				23F400382B21BAB1006F1244 /* IMG_2812.PNG */,
				23F4000D2B21BAAD006F1244 /* IMG_2813.PNG */,
				23F4001B2B21BAAE006F1244 /* IMG_2814.PNG */,
				23F400252B21BAAF006F1244 /* IMG_2815.PNG */,
				23F4000F2B21BAAD006F1244 /* IMG_2816.PNG */,
				23F400142B21BAAE006F1244 /* IMG_2818.PNG */,
				23F400102B21BAAD006F1244 /* IMG_2819.PNG */,
				23F400112B21BAAD006F1244 /* IMG_2820.PNG */,
				23F400122B21BAAE006F1244 /* IMG_2821.PNG */,
				23F400312B21BAB0006F1244 /* IMG_2822.PNG */,
				23F400172B21BAAE006F1244 /* IMG_2823.PNG */,
				23F400152B21BAAE006F1244 /* IMG_2824.PNG */,
				23F400332B21BAB0006F1244 /* IMG_2825.PNG */,
			);
			path = source;
			sourceTree = "<group>";
		};
/* End PBXGroup section */

/* Begin PBXNativeTarget section */
		237F95472B0345AC00EF3CEB /* IOSDesignPattern */ = {
			isa = PBXNativeTarget;
			buildConfigurationList = 237F95772B0345AF00EF3CEB /* Build configuration list for PBXNativeTarget "IOSDesignPattern" */;
			buildPhases = (
				237F95442B0345AC00EF3CEB /* Sources */,
				237F95452B0345AC00EF3CEB /* Frameworks */,
				237F95462B0345AC00EF3CEB /* Resources */,
			);
			buildRules = (
			);
			dependencies = (
			);
			name = IOSDesignPattern;
			productName = IOSDesignPattern;
			productReference = 237F95482B0345AC00EF3CEB /* IOSDesignPattern.app */;
			productType = "com.apple.product-type.application";
		};
		237F95622B0345AF00EF3CEB /* IOSDesignPatternTests */ = {
			isa = PBXNativeTarget;
			buildConfigurationList = 237F957A2B0345AF00EF3CEB /* Build configuration list for PBXNativeTarget "IOSDesignPatternTests" */;
			buildPhases = (
				237F955F2B0345AF00EF3CEB /* Sources */,
				237F95602B0345AF00EF3CEB /* Frameworks */,
				237F95612B0345AF00EF3CEB /* Resources */,
			);
			buildRules = (
			);
			dependencies = (
				237F95652B0345AF00EF3CEB /* PBXTargetDependency */,
			);
			name = IOSDesignPatternTests;
			productName = IOSDesignPatternTests;
			productReference = 237F95632B0345AF00EF3CEB /* IOSDesignPatternTests.xctest */;
			productType = "com.apple.product-type.bundle.unit-test";
		};
		237F956C2B0345AF00EF3CEB /* IOSDesignPatternUITests */ = {
			isa = PBXNativeTarget;
			buildConfigurationList = 237F957D2B0345AF00EF3CEB /* Build configuration list for PBXNativeTarget "IOSDesignPatternUITests" */;
			buildPhases = (
				237F95692B0345AF00EF3CEB /* Sources */,
				237F956A2B0345AF00EF3CEB /* Frameworks */,
				237F956B2B0345AF00EF3CEB /* Resources */,
			);
			buildRules = (
			);
			dependencies = (
				237F956F2B0345AF00EF3CEB /* PBXTargetDependency */,
			);
			name = IOSDesignPatternUITests;
			productName = IOSDesignPatternUITests;
			productReference = 237F956D2B0345AF00EF3CEB /* IOSDesignPatternUITests.xctest */;
			productType = "com.apple.product-type.bundle.ui-testing";
		};
/* End PBXNativeTarget section */

/* Begin PBXProject section */
		237F95402B0345AC00EF3CEB /* Project object */ = {
			isa = PBXProject;
			attributes = {
				BuildIndependentTargetsInParallel = 1;
				LastUpgradeCheck = 1500;
				TargetAttributes = {
					237F95472B0345AC00EF3CEB = {
						CreatedOnToolsVersion = 15.0.1;
					};
					237F95622B0345AF00EF3CEB = {
						CreatedOnToolsVersion = 15.0.1;
						TestTargetID = 237F95472B0345AC00EF3CEB;
					};
					237F956C2B0345AF00EF3CEB = {
						CreatedOnToolsVersion = 15.0.1;
						TestTargetID = 237F95472B0345AC00EF3CEB;
					};
				};
			};
			buildConfigurationList = 237F95432B0345AC00EF3CEB /* Build configuration list for PBXProject "IOSDesignPattern" */;
			compatibilityVersion = "Xcode 14.0";
			developmentRegion = en;
			hasScannedForEncodings = 0;
			knownRegions = (
				en,
				Base,
			);
			mainGroup = 237F953F2B0345AC00EF3CEB;
			productRefGroup = 237F95492B0345AC00EF3CEB /* Products */;
			projectDirPath = "";
			projectRoot = "";
			targets = (
				237F95472B0345AC00EF3CEB /* IOSDesignPattern */,
				237F95622B0345AF00EF3CEB /* IOSDesignPatternTests */,
				237F956C2B0345AF00EF3CEB /* IOSDesignPatternUITests */,
			);
		};
/* End PBXProject section */

/* Begin PBXResourcesBuildPhase section */
		237F95462B0345AC00EF3CEB /* Resources */ = {
			isa = PBXResourcesBuildPhase;
			buildActionMask = 2147483647;
			files = (
				239A3BD02B17092E00101A7F /* IMG_2788.PNG in Resources */,
				239A3BCE2B17092E00101A7F /* IMG_2785.PNG in Resources */,
				23CB24512B149CB60036F5CF /* IMG_2731.PNG in Resources */,
				237F955B2B0345AF00EF3CEB /* LaunchScreen.storyboard in Resources */,
				239A3B952B15E74600101A7F /* IMG_2760.PNG in Resources */,
				239A3BA02B15E74600101A7F /* IMG_2770.PNG in Resources */,
				239A3BD42B17092E00101A7F /* IMG_2786.PNG in Resources */,
				23F400612B21BAB1006F1244 /* IMG_2804.PNG in Resources */,
				23F400652B21BAB1006F1244 /* IMG_2812.PNG in Resources */,
				23F4005C2B21BAB1006F1244 /* IMG_2810.PNG in Resources */,
				23CB24592B149CB60036F5CF /* IMG_2746.PNG in Resources */,
				237F95582B0345AF00EF3CEB /* Assets.xcassets in Resources */,
				239A3BCB2B17092E00101A7F /* IMG_2782.PNG in Resources */,
				23CB24572B149CB60036F5CF /* IMG_2749.PNG in Resources */,
				239A3B962B15E74600101A7F /* IMG_2768.PNG in Resources */,
				23F400602B21BAB1006F1244 /* IMG_2825.PNG in Resources */,
				239A3BD52B17092E00101A7F /* IMG_2784.PNG in Resources */,
				23CB244A2B149CB60036F5CF /* IMG_2735.PNG in Resources */,
				23F4003F2B21BAB1006F1244 /* IMG_2821.PNG in Resources */,
				239A3B922B15E74600101A7F /* IMG_2753.PNG in Resources */,
				239A3B9D2B15E74600101A7F /* IMG_2759.PNG in Resources */,
				23F400502B21BAB1006F1244 /* IMG_2809.PNG in Resources */,
				239A3BCC2B17092E00101A7F /* IMG_2778.PNG in Resources */,
				23CB24522B149CB60036F5CF /* IMG_2740.PNG in Resources */,
				23F4003B2B21BAB1006F1244 /* IMG_2797.PNG in Resources */,
				23F4005D2B21BAB1006F1244 /* IMG_2802.PNG in Resources */,
				239A3BCF2B17092E00101A7F /* IMG_2783.PNG in Resources */,
				23F4005F2B21BAB1006F1244 /* IMG_2790.PNG in Resources */,
				23CB244E2B149CB60036F5CF /* IMG_2747.PNG in Resources */,
				23F400472B21BAB1006F1244 /* IMG_2791.PNG in Resources */,
				23F400582B21BAB1006F1244 /* IMG_2799.PNG in Resources */,
				239A3B942B15E74600101A7F /* IMG_2767.PNG in Resources */,
				239A3B972B15E74600101A7F /* IMG_2762.PNG in Resources */,
				23CB244B2B149CB60036F5CF /* IMG_2736.PNG in Resources */,
				23F4004C2B21BAB1006F1244 /* IMG_2794.PNG in Resources */,
				23F4003E2B21BAB1006F1244 /* IMG_2820.PNG in Resources */,
				239A3B9C2B15E74600101A7F /* IMG_2764.PNG in Resources */,
				23CB24492B149CB60036F5CF /* IMG_2733.PNG in Resources */,
				239A3B992B15E74600101A7F /* IMG_2755.PNG in Resources */,
				23F4003D2B21BAB1006F1244 /* IMG_2819.PNG in Resources */,
				239A3B982B15E74600101A7F /* IMG_2769.PNG in Resources */,
				23CB24562B149CB60036F5CF /* IMG_2739.PNG in Resources */,
				23F400522B21BAB1006F1244 /* IMG_2815.PNG in Resources */,
				23F400562B21BAB1006F1244 /* IMG_2801.PNG in Resources */,
				239A3BA62B15E74600101A7F /* IMG_2776.PNG in Resources */,
				239A3BA72B15E74600101A7F /* IMG_2763.PNG in Resources */,
				23F400482B21BAB1006F1244 /* IMG_2814.PNG in Resources */,
				23CB244D2B149CB60036F5CF /* IMG_2745.PNG in Resources */,
				239A3BA42B15E74600101A7F /* IMG_2773.PNG in Resources */,
				23F400432B21BAB1006F1244 /* IMG_2793.PNG in Resources */,
				23CB24552B149CB60036F5CF /* IMG_2741.PNG in Resources */,
				23CB24532B149CB60036F5CF /* IMG_2743.PNG in Resources */,
				23F400532B21BAB1006F1244 /* IMG_2803.PNG in Resources */,
				23F400392B21BAB1006F1244 /* IMG_2795.PNG in Resources */,
				239A3B9B2B15E74600101A7F /* IMG_2752.PNG in Resources */,
				23F4003A2B21BAB1006F1244 /* IMG_2813.PNG in Resources */,
				23F4005B2B21BAB1006F1244 /* IMG_2808.PNG in Resources */,
				23CB244F2B149CB60036F5CF /* IMG_2734.PNG in Resources */,
				239A3B9E2B15E74600101A7F /* IMG_2754.PNG in Resources */,
				239A3B912B15E74600101A7F /* IMG_2757.PNG in Resources */,
				23F4005E2B21BAB1006F1244 /* IMG_2822.PNG in Resources */,
				23F4005A2B21BAB1006F1244 /* IMG_2807.PNG in Resources */,
				239A3B932B15E74600101A7F /* IMG_2774.PNG in Resources */,
				239A3BA12B15E74600101A7F /* IMG_2761.PNG in Resources */,
				23F400412B21BAB1006F1244 /* IMG_2818.PNG in Resources */,
				239A3BA52B15E74600101A7F /* IMG_2775.PNG in Resources */,
				23F4004D2B21BAB1006F1244 /* IMG_2796.PNG in Resources */,
				23CB244C2B149CB60036F5CF /* IMG_2732.PNG in Resources */,
				23F400442B21BAB1006F1244 /* IMG_2823.PNG in Resources */,
				23CB24542B149CB60036F5CF /* IMG_2748.PNG in Resources */,
				23CB24502B149CB60036F5CF /* IMG_2742.PNG in Resources */,
				239A3BD22B17092E00101A7F /* IMG_2779.PNG in Resources */,
				23F4003C2B21BAB1006F1244 /* IMG_2816.PNG in Resources */,
				239A3BD12B17092E00101A7F /* IMG_2777.PNG in Resources */,
				239A3B9A2B15E74600101A7F /* IMG_2765.PNG in Resources */,
				239A3BD62B17092E00101A7F /* IMG_2787.PNG in Resources */,
				239A3BD32B17092E00101A7F /* IMG_2781.PNG in Resources */,
				23F400452B21BAB1006F1244 /* IMG_2806.PNG in Resources */,
				239A3BCD2B17092E00101A7F /* IMG_2780.PNG in Resources */,
				23F400402B21BAB1006F1244 /* IMG_2798.PNG in Resources */,
				239A3B9F2B15E74600101A7F /* IMG_2751.PNG in Resources */,
				23CB24582B149CB60036F5CF /* IMG_2738.PNG in Resources */,
				239A3BA32B15E74600101A7F /* IMG_2772.PNG in Resources */,
				23F400422B21BAB1006F1244 /* IMG_2824.PNG in Resources */,
				23F400622B21BAB1006F1244 /* IMG_2805.PNG in Resources */,
				23F400592B21BAB1006F1244 /* IMG_2800.PNG in Resources */,
				239A3BA22B15E74600101A7F /* IMG_2771.PNG in Resources */,
				237F95562B0345AD00EF3CEB /* Main.storyboard in Resources */,
			);
			runOnlyForDeploymentPostprocessing = 0;
		};
		237F95612B0345AF00EF3CEB /* Resources */ = {
			isa = PBXResourcesBuildPhase;
			buildActionMask = 2147483647;
			files = (
			);
			runOnlyForDeploymentPostprocessing = 0;
		};
		237F956B2B0345AF00EF3CEB /* Resources */ = {
			isa = PBXResourcesBuildPhase;
			buildActionMask = 2147483647;
			files = (
			);
			runOnlyForDeploymentPostprocessing = 0;
		};
/* End PBXResourcesBuildPhase section */

/* Begin PBXSourcesBuildPhase section */
		237F95442B0345AC00EF3CEB /* Sources */ = {
			isa = PBXSourcesBuildPhase;
			buildActionMask = 2147483647;
			files = (
				239A3BE62B181CB100101A7F /* Milk.m in Sources */,
				239A3BF02B181CF300101A7F /* Espresso.m in Sources */,
				237F95532B0345AD00EF3CEB /* ViewController.m in Sources */,
				239A3BB62B16E81200101A7F /* QQ.m in Sources */,
				237F95942B0355EA00EF3CEB /* ZYCVlcPlayerAdapter.m in Sources */,
				239A3BBC2B16E82500101A7F /* Xcode.m in Sources */,
				237F95A12B03656800EF3CEB /* ZYCModel1.m in Sources */,
				239A3BE52B181CB100101A7F /* Whip.m in Sources */,
				23CB242D2B1494DB0036F5CF /* Strategy.m in Sources */,
				237F954D2B0345AD00EF3CEB /* AppDelegate.m in Sources */,
				239A3BF22B181CF300101A7F /* DarkRoast.m in Sources */,
				23CB24332B1496350036F5CF /* ConcreteStrategyB.m in Sources */,
				237F95A42B03657300EF3CEB /* ZYCModel2.m in Sources */,
				239A3BF12B181CF300101A7F /* HouseBlend.m in Sources */,
				239A3BAE2B15E98400101A7F /* StudentModel.m in Sources */,
				237F958A2B0351C700EF3CEB /* ZYCVlcPlayer.m in Sources */,
				23CB24362B14971E0036F5CF /* StrategyCustomView.m in Sources */,
				239A3BB32B16E80600101A7F /* Computer.m in Sources */,
				23CB24302B14962A0036F5CF /* ConcreteStrategyA.m in Sources */,
				237F955E2B0345AF00EF3CEB /* main.m in Sources */,
				237F95972B0355FB00EF3CEB /* ZYCMp4PlayerAdapter.m in Sources */,
				237F95902B03529C00EF3CEB /* ZYCMediaAdapter.m in Sources */,
				239A3BB92B16E81C00101A7F /* Wechat.m in Sources */,
				239A3BE42B181CB100101A7F /* Mocha.m in Sources */,
				237F95A72B03668D00EF3CEB /* ZYCView.m in Sources */,
				239A3BE32B181CB100101A7F /* Soy.m in Sources */,
				237F95502B0345AD00EF3CEB /* SceneDelegate.m in Sources */,
				239A3BF32B181CF300101A7F /* Decaf.m in Sources */,
				239A3BAB2B15E89D00101A7F /* BaseCopyObject.m in Sources */,
				237F958D2B0351D900EF3CEB /* ZYCMp4Player.m in Sources */,
			);
			runOnlyForDeploymentPostprocessing = 0;
		};
		237F955F2B0345AF00EF3CEB /* Sources */ = {
			isa = PBXSourcesBuildPhase;
			buildActionMask = 2147483647;
			files = (
				237F95682B0345AF00EF3CEB /* IOSDesignPatternTests.m in Sources */,
			);
			runOnlyForDeploymentPostprocessing = 0;
		};
		237F95692B0345AF00EF3CEB /* Sources */ = {
			isa = PBXSourcesBuildPhase;
			buildActionMask = 2147483647;
			files = (
				237F95722B0345AF00EF3CEB /* IOSDesignPatternUITests.m in Sources */,
				237F95742B0345AF00EF3CEB /* IOSDesignPatternUITestsLaunchTests.m in Sources */,
			);
			runOnlyForDeploymentPostprocessing = 0;
		};
/* End PBXSourcesBuildPhase section */

/* Begin PBXTargetDependency section */
		237F95652B0345AF00EF3CEB /* PBXTargetDependency */ = {
			isa = PBXTargetDependency;
			target = 237F95472B0345AC00EF3CEB /* IOSDesignPattern */;
			targetProxy = 237F95642B0345AF00EF3CEB /* PBXContainerItemProxy */;
		};
		237F956F2B0345AF00EF3CEB /* PBXTargetDependency */ = {
			isa = PBXTargetDependency;
			target = 237F95472B0345AC00EF3CEB /* IOSDesignPattern */;
			targetProxy = 237F956E2B0345AF00EF3CEB /* PBXContainerItemProxy */;
		};
/* End PBXTargetDependency section */

/* Begin PBXVariantGroup section */
		237F95542B0345AD00EF3CEB /* Main.storyboard */ = {
			isa = PBXVariantGroup;
			children = (
				237F95552B0345AD00EF3CEB /* Base */,
			);
			name = Main.storyboard;
			sourceTree = "<group>";
		};
		237F95592B0345AF00EF3CEB /* LaunchScreen.storyboard */ = {
			isa = PBXVariantGroup;
			children = (
				237F955A2B0345AF00EF3CEB /* Base */,
			);
			name = LaunchScreen.storyboard;
			sourceTree = "<group>";
		};
/* End PBXVariantGroup section */

/* Begin XCBuildConfiguration section */
		237F95752B0345AF00EF3CEB /* Debug */ = {
			isa = XCBuildConfiguration;
			buildSettings = {
				ALWAYS_SEARCH_USER_PATHS = NO;
				ASSETCATALOG_COMPILER_GENERATE_SWIFT_ASSET_SYMBOL_EXTENSIONS = YES;
				CLANG_ANALYZER_NONNULL = YES;
				CLANG_ANALYZER_NUMBER_OBJECT_CONVERSION = YES_AGGRESSIVE;
				CLANG_CXX_LANGUAGE_STANDARD = "gnu++20";
				CLANG_ENABLE_MODULES = YES;
				CLANG_ENABLE_OBJC_ARC = YES;
				CLANG_ENABLE_OBJC_WEAK = YES;
				CLANG_WARN_BLOCK_CAPTURE_AUTORELEASING = YES;
				CLANG_WARN_BOOL_CONVERSION = YES;
				CLANG_WARN_COMMA = YES;
				CLANG_WARN_CONSTANT_CONVERSION = YES;
				CLANG_WARN_DEPRECATED_OBJC_IMPLEMENTATIONS = YES;
				CLANG_WARN_DIRECT_OBJC_ISA_USAGE = YES_ERROR;
				CLANG_WARN_DOCUMENTATION_COMMENTS = YES;
				CLANG_WARN_EMPTY_BODY = YES;
				CLANG_WARN_ENUM_CONVERSION = YES;
				CLANG_WARN_INFINITE_RECURSION = YES;
				CLANG_WARN_INT_CONVERSION = YES;
				CLANG_WARN_NON_LITERAL_NULL_CONVERSION = YES;
				CLANG_WARN_OBJC_IMPLICIT_RETAIN_SELF = YES;
				CLANG_WARN_OBJC_LITERAL_CONVERSION = YES;
				CLANG_WARN_OBJC_ROOT_CLASS = YES_ERROR;
				CLANG_WARN_QUOTED_INCLUDE_IN_FRAMEWORK_HEADER = YES;
				CLANG_WARN_RANGE_LOOP_ANALYSIS = YES;
				CLANG_WARN_STRICT_PROTOTYPES = YES;
				CLANG_WARN_SUSPICIOUS_MOVE = YES;
				CLANG_WARN_UNGUARDED_AVAILABILITY = YES_AGGRESSIVE;
				CLANG_WARN_UNREACHABLE_CODE = YES;
				CLANG_WARN__DUPLICATE_METHOD_MATCH = YES;
				COPY_PHASE_STRIP = NO;
				DEBUG_INFORMATION_FORMAT = dwarf;
				ENABLE_STRICT_OBJC_MSGSEND = YES;
				ENABLE_TESTABILITY = YES;
				ENABLE_USER_SCRIPT_SANDBOXING = YES;
				GCC_C_LANGUAGE_STANDARD = gnu17;
				GCC_DYNAMIC_NO_PIC = NO;
				GCC_NO_COMMON_BLOCKS = YES;
				GCC_OPTIMIZATION_LEVEL = 0;
				GCC_PREPROCESSOR_DEFINITIONS = (
					"DEBUG=1",
					"$(inherited)",
				);
				GCC_WARN_64_TO_32_BIT_CONVERSION = YES;
				GCC_WARN_ABOUT_RETURN_TYPE = YES_ERROR;
				GCC_WARN_UNDECLARED_SELECTOR = YES;
				GCC_WARN_UNINITIALIZED_AUTOS = YES_AGGRESSIVE;
				GCC_WARN_UNUSED_FUNCTION = YES;
				GCC_WARN_UNUSED_VARIABLE = YES;
				IPHONEOS_DEPLOYMENT_TARGET = 17.0;
				LOCALIZATION_PREFERS_STRING_CATALOGS = YES;
				MTL_ENABLE_DEBUG_INFO = INCLUDE_SOURCE;
				MTL_FAST_MATH = YES;
				ONLY_ACTIVE_ARCH = YES;
				SDKROOT = iphoneos;
			};
			name = Debug;
		};
		237F95762B0345AF00EF3CEB /* Release */ = {
			isa = XCBuildConfiguration;
			buildSettings = {
				ALWAYS_SEARCH_USER_PATHS = NO;
				ASSETCATALOG_COMPILER_GENERATE_SWIFT_ASSET_SYMBOL_EXTENSIONS = YES;
				CLANG_ANALYZER_NONNULL = YES;
				CLANG_ANALYZER_NUMBER_OBJECT_CONVERSION = YES_AGGRESSIVE;
				CLANG_CXX_LANGUAGE_STANDARD = "gnu++20";
				CLANG_ENABLE_MODULES = YES;
				CLANG_ENABLE_OBJC_ARC = YES;
				CLANG_ENABLE_OBJC_WEAK = YES;
				CLANG_WARN_BLOCK_CAPTURE_AUTORELEASING = YES;
				CLANG_WARN_BOOL_CONVERSION = YES;
				CLANG_WARN_COMMA = YES;
				CLANG_WARN_CONSTANT_CONVERSION = YES;
				CLANG_WARN_DEPRECATED_OBJC_IMPLEMENTATIONS = YES;
				CLANG_WARN_DIRECT_OBJC_ISA_USAGE = YES_ERROR;
				CLANG_WARN_DOCUMENTATION_COMMENTS = YES;
				CLANG_WARN_EMPTY_BODY = YES;
				CLANG_WARN_ENUM_CONVERSION = YES;
				CLANG_WARN_INFINITE_RECURSION = YES;
				CLANG_WARN_INT_CONVERSION = YES;
				CLANG_WARN_NON_LITERAL_NULL_CONVERSION = YES;
				CLANG_WARN_OBJC_IMPLICIT_RETAIN_SELF = YES;
				CLANG_WARN_OBJC_LITERAL_CONVERSION = YES;
				CLANG_WARN_OBJC_ROOT_CLASS = YES_ERROR;
				CLANG_WARN_QUOTED_INCLUDE_IN_FRAMEWORK_HEADER = YES;
				CLANG_WARN_RANGE_LOOP_ANALYSIS = YES;
				CLANG_WARN_STRICT_PROTOTYPES = YES;
				CLANG_WARN_SUSPICIOUS_MOVE = YES;
				CLANG_WARN_UNGUARDED_AVAILABILITY = YES_AGGRESSIVE;
				CLANG_WARN_UNREACHABLE_CODE = YES;
				CLANG_WARN__DUPLICATE_METHOD_MATCH = YES;
				COPY_PHASE_STRIP = NO;
				DEBUG_INFORMATION_FORMAT = "dwarf-with-dsym";
				ENABLE_NS_ASSERTIONS = NO;
				ENABLE_STRICT_OBJC_MSGSEND = YES;
				ENABLE_USER_SCRIPT_SANDBOXING = YES;
				GCC_C_LANGUAGE_STANDARD = gnu17;
				GCC_NO_COMMON_BLOCKS = YES;
				GCC_WARN_64_TO_32_BIT_CONVERSION = YES;
				GCC_WARN_ABOUT_RETURN_TYPE = YES_ERROR;
				GCC_WARN_UNDECLARED_SELECTOR = YES;
				GCC_WARN_UNINITIALIZED_AUTOS = YES_AGGRESSIVE;
				GCC_WARN_UNUSED_FUNCTION = YES;
				GCC_WARN_UNUSED_VARIABLE = YES;
				IPHONEOS_DEPLOYMENT_TARGET = 17.0;
				LOCALIZATION_PREFERS_STRING_CATALOGS = YES;
				MTL_ENABLE_DEBUG_INFO = NO;
				MTL_FAST_MATH = YES;
				SDKROOT = iphoneos;
				VALIDATE_PRODUCT = YES;
			};
			name = Release;
		};
		237F95782B0345AF00EF3CEB /* Debug */ = {
			isa = XCBuildConfiguration;
			buildSettings = {
				ASSETCATALOG_COMPILER_APPICON_NAME = AppIcon;
				ASSETCATALOG_COMPILER_GLOBAL_ACCENT_COLOR_NAME = AccentColor;
				CODE_SIGN_STYLE = Automatic;
				CURRENT_PROJECT_VERSION = 1;
				GENERATE_INFOPLIST_FILE = YES;
				INFOPLIST_FILE = IOSDesignPattern/Info.plist;
				INFOPLIST_KEY_UIApplicationSupportsIndirectInputEvents = YES;
				INFOPLIST_KEY_UILaunchStoryboardName = LaunchScreen;
				INFOPLIST_KEY_UIMainStoryboardFile = Main;
				INFOPLIST_KEY_UISupportedInterfaceOrientations_iPad = "UIInterfaceOrientationPortrait UIInterfaceOrientationPortraitUpsideDown UIInterfaceOrientationLandscapeLeft UIInterfaceOrientationLandscapeRight";
				INFOPLIST_KEY_UISupportedInterfaceOrientations_iPhone = "UIInterfaceOrientationPortrait UIInterfaceOrientationLandscapeLeft UIInterfaceOrientationLandscapeRight";
				LD_RUNPATH_SEARCH_PATHS = (
					"$(inherited)",
					"@executable_path/Frameworks",
				);
				MARKETING_VERSION = 1.0;
				PRODUCT_BUNDLE_IDENTIFIER = com.zyc.IOSDesignPattern;
				PRODUCT_NAME = "$(TARGET_NAME)";
				SWIFT_EMIT_LOC_STRINGS = YES;
				TARGETED_DEVICE_FAMILY = "1,2";
			};
			name = Debug;
		};
		237F95792B0345AF00EF3CEB /* Release */ = {
			isa = XCBuildConfiguration;
			buildSettings = {
				ASSETCATALOG_COMPILER_APPICON_NAME = AppIcon;
				ASSETCATALOG_COMPILER_GLOBAL_ACCENT_COLOR_NAME = AccentColor;
				CODE_SIGN_STYLE = Automatic;
				CURRENT_PROJECT_VERSION = 1;
				GENERATE_INFOPLIST_FILE = YES;
				INFOPLIST_FILE = IOSDesignPattern/Info.plist;
				INFOPLIST_KEY_UIApplicationSupportsIndirectInputEvents = YES;
				INFOPLIST_KEY_UILaunchStoryboardName = LaunchScreen;
				INFOPLIST_KEY_UIMainStoryboardFile = Main;
				INFOPLIST_KEY_UISupportedInterfaceOrientations_iPad = "UIInterfaceOrientationPortrait UIInterfaceOrientationPortraitUpsideDown UIInterfaceOrientationLandscapeLeft UIInterfaceOrientationLandscapeRight";
				INFOPLIST_KEY_UISupportedInterfaceOrientations_iPhone = "UIInterfaceOrientationPortrait UIInterfaceOrientationLandscapeLeft UIInterfaceOrientationLandscapeRight";
				LD_RUNPATH_SEARCH_PATHS = (
					"$(inherited)",
					"@executable_path/Frameworks",
				);
				MARKETING_VERSION = 1.0;
				PRODUCT_BUNDLE_IDENTIFIER = com.zyc.IOSDesignPattern;
				PRODUCT_NAME = "$(TARGET_NAME)";
				SWIFT_EMIT_LOC_STRINGS = YES;
				TARGETED_DEVICE_FAMILY = "1,2";
			};
			name = Release;
		};
		237F957B2B0345AF00EF3CEB /* Debug */ = {
			isa = XCBuildConfiguration;
			buildSettings = {
				BUNDLE_LOADER = "$(TEST_HOST)";
				CODE_SIGN_STYLE = Automatic;
				CURRENT_PROJECT_VERSION = 1;
				GENERATE_INFOPLIST_FILE = YES;
				IPHONEOS_DEPLOYMENT_TARGET = 17.0;
				MARKETING_VERSION = 1.0;
				PRODUCT_BUNDLE_IDENTIFIER = com.zyc.IOSDesignPatternTests;
				PRODUCT_NAME = "$(TARGET_NAME)";
				SWIFT_EMIT_LOC_STRINGS = NO;
				TARGETED_DEVICE_FAMILY = "1,2";
				TEST_HOST = "$(BUILT_PRODUCTS_DIR)/IOSDesignPattern.app/$(BUNDLE_EXECUTABLE_FOLDER_PATH)/IOSDesignPattern";
			};
			name = Debug;
		};
		237F957C2B0345AF00EF3CEB /* Release */ = {
			isa = XCBuildConfiguration;
			buildSettings = {
				BUNDLE_LOADER = "$(TEST_HOST)";
				CODE_SIGN_STYLE = Automatic;
				CURRENT_PROJECT_VERSION = 1;
				GENERATE_INFOPLIST_FILE = YES;
				IPHONEOS_DEPLOYMENT_TARGET = 17.0;
				MARKETING_VERSION = 1.0;
				PRODUCT_BUNDLE_IDENTIFIER = com.zyc.IOSDesignPatternTests;
				PRODUCT_NAME = "$(TARGET_NAME)";
				SWIFT_EMIT_LOC_STRINGS = NO;
				TARGETED_DEVICE_FAMILY = "1,2";
				TEST_HOST = "$(BUILT_PRODUCTS_DIR)/IOSDesignPattern.app/$(BUNDLE_EXECUTABLE_FOLDER_PATH)/IOSDesignPattern";
			};
			name = Release;
		};
		237F957E2B0345AF00EF3CEB /* Debug */ = {
			isa = XCBuildConfiguration;
			buildSettings = {
				CODE_SIGN_STYLE = Automatic;
				CURRENT_PROJECT_VERSION = 1;
				GENERATE_INFOPLIST_FILE = YES;
				MARKETING_VERSION = 1.0;
				PRODUCT_BUNDLE_IDENTIFIER = com.zyc.IOSDesignPatternUITests;
				PRODUCT_NAME = "$(TARGET_NAME)";
				SWIFT_EMIT_LOC_STRINGS = NO;
				TARGETED_DEVICE_FAMILY = "1,2";
				TEST_TARGET_NAME = IOSDesignPattern;
			};
			name = Debug;
		};
		237F957F2B0345AF00EF3CEB /* Release */ = {
			isa = XCBuildConfiguration;
			buildSettings = {
				CODE_SIGN_STYLE = Automatic;
				CURRENT_PROJECT_VERSION = 1;
				GENERATE_INFOPLIST_FILE = YES;
				MARKETING_VERSION = 1.0;
				PRODUCT_BUNDLE_IDENTIFIER = com.zyc.IOSDesignPatternUITests;
				PRODUCT_NAME = "$(TARGET_NAME)";
				SWIFT_EMIT_LOC_STRINGS = NO;
				TARGETED_DEVICE_FAMILY = "1,2";
				TEST_TARGET_NAME = IOSDesignPattern;
			};
			name = Release;
		};
/* End XCBuildConfiguration section */

/* Begin XCConfigurationList section */
		237F95432B0345AC00EF3CEB /* Build configuration list for PBXProject "IOSDesignPattern" */ = {
			isa = XCConfigurationList;
			buildConfigurations = (
				237F95752B0345AF00EF3CEB /* Debug */,
				237F95762B0345AF00EF3CEB /* Release */,
			);
			defaultConfigurationIsVisible = 0;
			defaultConfigurationName = Release;
		};
		237F95772B0345AF00EF3CEB /* Build configuration list for PBXNativeTarget "IOSDesignPattern" */ = {
			isa = XCConfigurationList;
			buildConfigurations = (
				237F95782B0345AF00EF3CEB /* Debug */,
				237F95792B0345AF00EF3CEB /* Release */,
			);
			defaultConfigurationIsVisible = 0;
			defaultConfigurationName = Release;
		};
		237F957A2B0345AF00EF3CEB /* Build configuration list for PBXNativeTarget "IOSDesignPatternTests" */ = {
			isa = XCConfigurationList;
			buildConfigurations = (
				237F957B2B0345AF00EF3CEB /* Debug */,
				237F957C2B0345AF00EF3CEB /* Release */,
			);
			defaultConfigurationIsVisible = 0;
			defaultConfigurationName = Release;
		};
		237F957D2B0345AF00EF3CEB /* Build configuration list for PBXNativeTarget "IOSDesignPatternUITests" */ = {
			isa = XCConfigurationList;
			buildConfigurations = (
				237F957E2B0345AF00EF3CEB /* Debug */,
				237F957F2B0345AF00EF3CEB /* Release */,
			);
			defaultConfigurationIsVisible = 0;
			defaultConfigurationName = Release;
		};
/* End XCConfigurationList section */
	};
	rootObject = 237F95402B0345AC00EF3CEB /* Project object */;
}
